PODS:
  - AFNetworking (2.4.1):
    - AFNetworking/NSURLConnection
    - AFNetworking/NSURLSession
    - AFNetworking/Reachability
    - AFNetworking/Security
    - AFNetworking/Serialization
    - AFNetworking/UIKit
  - AFNetworking/NSURLConnection (2.4.1):
    - AFNetworking/Reachability
    - AFNetworking/Security
    - AFNetworking/Serialization
  - AFNetworking/NSURLSession (2.4.1):
    - AFNetworking/Reachability
    - AFNetworking/Security
    - AFNetworking/Serialization
  - AFNetworking/Reachability (2.4.1)
  - AFNetworking/Security (2.4.1)
  - AFNetworking/Serialization (2.4.1)
  - AFNetworking/UIKit (2.4.1):
    - AFNetworking/NSURLConnection
    - AFNetworking/NSURLSession
  - AutoCoding (2.0.3)
  - BTEncryption (2.2.8)
  - Kiwi (2.3.0)
  - LUKeychainAccess (1.2.1)
  - OHHTTPStubs (1.1.2)
  - ZXingObjC/Core (3.0.3)
  - ZXingObjC/QRCode (3.0.3):
    - ZXingObjC/Core

DEPENDENCIES:
  - AFNetworking (= 2.4.1)
  - AutoCoding (= 2.0.3)
  - BTEncryption (= 2.2.8)
  - Kiwi (= 2.3.0)
  - LUKeychainAccess (= 1.2.1)
  - OHHTTPStubs (= 1.1.2)
  - ZXingObjC/QRCode (= 3.0.3)

SPEC CHECKSUMS:
  AFNetworking: 0aabc6fae66d6e5d039eeb21c315843c7aae51ab
  AutoCoding: a40014b5ce6608fdde428fca11fc1b9449e3a617
  BTEncryption: 81f6480c8ab39db6c523ce4dc2fdb8a1c5d4a538
  Kiwi: 54bece5b35564d9b8e03c608d926f1a22fcfc589
  LUKeychainAccess: 5c9e48f5ffd050b163e2e92322473a0bb8359a6d
  OHHTTPStubs: 0b2656edcf5e700709b5da50155f41eed8c6b9ad
  ZXingObjC: 1eebdf4334b7de660ae42ddd23bd97b6d777b07d

COCOAPODS: 0.33.1
