// !$*UTF8*$!
{
	archiveVersion = 1;
	classes = {
	};
	objectVersion = 46;
	objects = {

/* Begin PBXBuildFile section */
		021DFF4C169F27BB00215926 /* LUCampaignRequest.h in Headers */ = {isa = PBXBuildFile; fileRef = 021DFF4A169F27BB00215926 /* LUCampaignRequest.h */; settings = {ATTRIBUTES = (Public, ); }; };
		021DFF4D169F27BB00215926 /* LUCampaignRequest.m in Sources */ = {isa = PBXBuildFile; fileRef = 021DFF4B169F27BB00215926 /* LUCampaignRequest.m */; };
		022B2856166E519800679E06 /* LUQRCodeGeneratorSpec.m in Sources */ = {isa = PBXBuildFile; fileRef = 022B2855166E519800679E06 /* LUQRCodeGeneratorSpec.m */; };
		022B288C166E563400679E06 /* UIKit.framework in Frameworks */ = {isa = PBXBuildFile; fileRef = 257B026B166853EA006ACA24 /* UIKit.framework */; };
		02941E6516B738AE00EDAF6E /* AVFoundation.framework in Frameworks */ = {isa = PBXBuildFile; fileRef = 02941E6416B738AE00EDAF6E /* AVFoundation.framework */; };
		02941E6616B738F300EDAF6E /* AVFoundation.framework in Frameworks */ = {isa = PBXBuildFile; fileRef = 02941E6416B738AE00EDAF6E /* AVFoundation.framework */; };
		02941E6816B7391700EDAF6E /* QuartzCore.framework in Frameworks */ = {isa = PBXBuildFile; fileRef = 02941E6716B7391700EDAF6E /* QuartzCore.framework */; };
		02941E6916B7392300EDAF6E /* QuartzCore.framework in Frameworks */ = {isa = PBXBuildFile; fileRef = 02941E6716B7391700EDAF6E /* QuartzCore.framework */; };
		02941E6B16B739FE00EDAF6E /* CoreGraphics.framework in Frameworks */ = {isa = PBXBuildFile; fileRef = 02941E6A16B739FE00EDAF6E /* CoreGraphics.framework */; };
		02941E6C16B73A0D00EDAF6E /* CoreGraphics.framework in Frameworks */ = {isa = PBXBuildFile; fileRef = 02941E6A16B739FE00EDAF6E /* CoreGraphics.framework */; };
		02941E6E16B73A2500EDAF6E /* CoreLocation.framework in Frameworks */ = {isa = PBXBuildFile; fileRef = 02941E6D16B73A2500EDAF6E /* CoreLocation.framework */; };
		02941E6F16B73A2E00EDAF6E /* CoreLocation.framework in Frameworks */ = {isa = PBXBuildFile; fileRef = 02941E6D16B73A2500EDAF6E /* CoreLocation.framework */; };
		02941E7116B73A5F00EDAF6E /* Security.framework in Frameworks */ = {isa = PBXBuildFile; fileRef = 02941E7016B73A5F00EDAF6E /* Security.framework */; };
		02941E7216B73A6B00EDAF6E /* Security.framework in Frameworks */ = {isa = PBXBuildFile; fileRef = 02941E7016B73A5F00EDAF6E /* Security.framework */; };
		02941E7416B73A9B00EDAF6E /* CoreVideo.framework in Frameworks */ = {isa = PBXBuildFile; fileRef = 02941E7316B73A9B00EDAF6E /* CoreVideo.framework */; };
		02941E7516B73AA200EDAF6E /* CoreVideo.framework in Frameworks */ = {isa = PBXBuildFile; fileRef = 02941E7316B73A9B00EDAF6E /* CoreVideo.framework */; };
		02941E7716B73ADB00EDAF6E /* SystemConfiguration.framework in Frameworks */ = {isa = PBXBuildFile; fileRef = 02941E7616B73ADB00EDAF6E /* SystemConfiguration.framework */; };
		02941E7816B73AF600EDAF6E /* SystemConfiguration.framework in Frameworks */ = {isa = PBXBuildFile; fileRef = 02941E7616B73ADB00EDAF6E /* SystemConfiguration.framework */; };
		02941E7A16B73B1D00EDAF6E /* MobileCoreServices.framework in Frameworks */ = {isa = PBXBuildFile; fileRef = 02941E7916B73B1D00EDAF6E /* MobileCoreServices.framework */; };
		02941E7B16B73B3200EDAF6E /* MobileCoreServices.framework in Frameworks */ = {isa = PBXBuildFile; fileRef = 02941E7916B73B1D00EDAF6E /* MobileCoreServices.framework */; };
		02941E7D16B73B5700EDAF6E /* ImageIO.framework in Frameworks */ = {isa = PBXBuildFile; fileRef = 02941E7C16B73B5700EDAF6E /* ImageIO.framework */; };
		02941E7E16B73B5F00EDAF6E /* ImageIO.framework in Frameworks */ = {isa = PBXBuildFile; fileRef = 02941E7C16B73B5700EDAF6E /* ImageIO.framework */; };
		02941E8016B73B7B00EDAF6E /* CoreMedia.framework in Frameworks */ = {isa = PBXBuildFile; fileRef = 02941E7F16B73B7B00EDAF6E /* CoreMedia.framework */; };
		02941E8116B73B8B00EDAF6E /* CoreMedia.framework in Frameworks */ = {isa = PBXBuildFile; fileRef = 02941E7F16B73B7B00EDAF6E /* CoreMedia.framework */; };
		02941FA316B96CBC00EDAF6E /* BraintreeAES.h in Headers */ = {isa = PBXBuildFile; fileRef = 02941F8116B96CBC00EDAF6E /* BraintreeAES.h */; };
		02941FA416B96CBC00EDAF6E /* BraintreeAES.m in Sources */ = {isa = PBXBuildFile; fileRef = 02941F8216B96CBC00EDAF6E /* BraintreeAES.m */; };
		02941FA616B96CBC00EDAF6E /* BraintreeEncryption.h in Headers */ = {isa = PBXBuildFile; fileRef = 02941F8416B96CBC00EDAF6E /* BraintreeEncryption.h */; };
		02941FA716B96CBC00EDAF6E /* BraintreeEncryption.m in Sources */ = {isa = PBXBuildFile; fileRef = 02941F8516B96CBC00EDAF6E /* BraintreeEncryption.m */; };
		02941FA916B96CBC00EDAF6E /* BraintreeRandom.h in Headers */ = {isa = PBXBuildFile; fileRef = 02941F8716B96CBC00EDAF6E /* BraintreeRandom.h */; };
		02941FAA16B96CBC00EDAF6E /* BraintreeRandom.m in Sources */ = {isa = PBXBuildFile; fileRef = 02941F8816B96CBC00EDAF6E /* BraintreeRandom.m */; };
		02941FAB16B96CBC00EDAF6E /* BraintreeRSA.h in Headers */ = {isa = PBXBuildFile; fileRef = 02941F8916B96CBC00EDAF6E /* BraintreeRSA.h */; };
		02941FAC16B96CBC00EDAF6E /* BraintreeRSA.m in Sources */ = {isa = PBXBuildFile; fileRef = 02941F8A16B96CBC00EDAF6E /* BraintreeRSA.m */; };
		02941FAD16B96CBC00EDAF6E /* NSData+Base64.h in Headers */ = {isa = PBXBuildFile; fileRef = 02941F8D16B96CBC00EDAF6E /* NSData+Base64.h */; };
		02941FAE16B96CBC00EDAF6E /* NSData+Base64.m in Sources */ = {isa = PBXBuildFile; fileRef = 02941F8E16B96CBC00EDAF6E /* NSData+Base64.m */; };
		02941FAF16B96CBC00EDAF6E /* SecKeyWrapper.h in Headers */ = {isa = PBXBuildFile; fileRef = 02941F8F16B96CBC00EDAF6E /* SecKeyWrapper.h */; };
		02941FB016B96CBC00EDAF6E /* SecKeyWrapper.m in Sources */ = {isa = PBXBuildFile; fileRef = 02941F9016B96CBC00EDAF6E /* SecKeyWrapper.m */; };
		02B1643616A0A47600052672 /* LUAPIErrorCodes.h in Headers */ = {isa = PBXBuildFile; fileRef = 02B1643416A0A47600052672 /* LUAPIErrorCodes.h */; settings = {ATTRIBUTES = (Public, ); }; };
		02B1643716A0A47600052672 /* LUAPIErrorCodes.m in Sources */ = {isa = PBXBuildFile; fileRef = 02B1643516A0A47600052672 /* LUAPIErrorCodes.m */; };
		02ED9BEA1688DA5600DFC994 /* NSString+HTMLStripping.h in Headers */ = {isa = PBXBuildFile; fileRef = 02ED9BE81688DA5600DFC994 /* NSString+HTMLStripping.h */; };
		02ED9BEB1688DA5600DFC994 /* NSString+HTMLStripping.m in Sources */ = {isa = PBXBuildFile; fileRef = 02ED9BE91688DA5600DFC994 /* NSString+HTMLStripping.m */; };
		257B00D31668363A006ACA24 /* LevelUpSDK.h in Headers */ = {isa = PBXBuildFile; fileRef = 25F643AC166832D600A05C0E /* LevelUpSDK.h */; settings = {ATTRIBUTES = (Public, ); }; };
		257B00E416684756006ACA24 /* LUConstants.h in Headers */ = {isa = PBXBuildFile; fileRef = 257B00E216684756006ACA24 /* LUConstants.h */; };
		257B00E516684756006ACA24 /* LUConstants.m in Sources */ = {isa = PBXBuildFile; fileRef = 257B00E316684756006ACA24 /* LUConstants.m */; };
		257B00EB1668479A006ACA24 /* LUDeviceIdentifier.h in Headers */ = {isa = PBXBuildFile; fileRef = 257B00E71668479A006ACA24 /* LUDeviceIdentifier.h */; };
		257B00EC1668479A006ACA24 /* LUDeviceIdentifier.m in Sources */ = {isa = PBXBuildFile; fileRef = 257B00E81668479A006ACA24 /* LUDeviceIdentifier.m */; };
		257B014E16684C5E006ACA24 /* LUApnDevice.h in Headers */ = {isa = PBXBuildFile; fileRef = 257B012216684C5E006ACA24 /* LUApnDevice.h */; settings = {ATTRIBUTES = (Public, ); }; };
		257B014F16684C5E006ACA24 /* LUApnDevice.m in Sources */ = {isa = PBXBuildFile; fileRef = 257B012316684C5E006ACA24 /* LUApnDevice.m */; };
		257B015016684C5E006ACA24 /* LUCampaign.h in Headers */ = {isa = PBXBuildFile; fileRef = 257B012416684C5E006ACA24 /* LUCampaign.h */; settings = {ATTRIBUTES = (Public, ); }; };
		257B015116684C5E006ACA24 /* LUCampaign.m in Sources */ = {isa = PBXBuildFile; fileRef = 257B012516684C5E006ACA24 /* LUCampaign.m */; };
		257B015216684C5E006ACA24 /* LUCategory.h in Headers */ = {isa = PBXBuildFile; fileRef = 257B012616684C5E006ACA24 /* LUCategory.h */; settings = {ATTRIBUTES = (Public, ); }; };
		257B015316684C5E006ACA24 /* LUCategory.m in Sources */ = {isa = PBXBuildFile; fileRef = 257B012716684C5E006ACA24 /* LUCategory.m */; };
		257B015416684C5E006ACA24 /* LUCause.h in Headers */ = {isa = PBXBuildFile; fileRef = 257B012816684C5E006ACA24 /* LUCause.h */; settings = {ATTRIBUTES = (Public, ); }; };
		257B015516684C5E006ACA24 /* LUCause.m in Sources */ = {isa = PBXBuildFile; fileRef = 257B012916684C5E006ACA24 /* LUCause.m */; };
		257B015616684C5E006ACA24 /* LUCauseCategory.h in Headers */ = {isa = PBXBuildFile; fileRef = 257B012A16684C5E006ACA24 /* LUCauseCategory.h */; settings = {ATTRIBUTES = (Public, ); }; };
		257B015716684C5E006ACA24 /* LUCauseCategory.m in Sources */ = {isa = PBXBuildFile; fileRef = 257B012B16684C5E006ACA24 /* LUCauseCategory.m */; };
		257B015816684C5E006ACA24 /* LUClaim.h in Headers */ = {isa = PBXBuildFile; fileRef = 257B012C16684C5E006ACA24 /* LUClaim.h */; settings = {ATTRIBUTES = (Public, ); }; };
		257B015916684C5E006ACA24 /* LUClaim.m in Sources */ = {isa = PBXBuildFile; fileRef = 257B012D16684C5E006ACA24 /* LUClaim.m */; };
		257B015A16684C5E006ACA24 /* LUCohort.h in Headers */ = {isa = PBXBuildFile; fileRef = 257B012E16684C5E006ACA24 /* LUCohort.h */; settings = {ATTRIBUTES = (Public, ); }; };
		257B015B16684C5E006ACA24 /* LUCohort.m in Sources */ = {isa = PBXBuildFile; fileRef = 257B012F16684C5E006ACA24 /* LUCohort.m */; };
		257B015C16684C5E006ACA24 /* LUCreditCard.h in Headers */ = {isa = PBXBuildFile; fileRef = 257B013016684C5E006ACA24 /* LUCreditCard.h */; settings = {ATTRIBUTES = (Public, ); }; };
		257B015D16684C5E006ACA24 /* LUCreditCard.m in Sources */ = {isa = PBXBuildFile; fileRef = 257B013116684C5E006ACA24 /* LUCreditCard.m */; };
		257B015E16684C5E006ACA24 /* LUDivision.h in Headers */ = {isa = PBXBuildFile; fileRef = 257B013216684C5E006ACA24 /* LUDivision.h */; settings = {ATTRIBUTES = (Public, ); }; };
		257B015F16684C5E006ACA24 /* LUDivision.m in Sources */ = {isa = PBXBuildFile; fileRef = 257B013316684C5E006ACA24 /* LUDivision.m */; };
		257B016016684C5E006ACA24 /* LUDonation.h in Headers */ = {isa = PBXBuildFile; fileRef = 257B013416684C5E006ACA24 /* LUDonation.h */; settings = {ATTRIBUTES = (Public, ); }; };
		257B016116684C5E006ACA24 /* LUDonation.m in Sources */ = {isa = PBXBuildFile; fileRef = 257B013516684C5E006ACA24 /* LUDonation.m */; };
		257B016216684C5E006ACA24 /* LUInterstitialAction.h in Headers */ = {isa = PBXBuildFile; fileRef = 257B013616684C5E006ACA24 /* LUInterstitialAction.h */; settings = {ATTRIBUTES = (Public, ); }; };
		257B016316684C5E006ACA24 /* LUInterstitialAction.m in Sources */ = {isa = PBXBuildFile; fileRef = 257B013716684C5E006ACA24 /* LUInterstitialAction.m */; };
		257B016416684C5E006ACA24 /* LULocation.h in Headers */ = {isa = PBXBuildFile; fileRef = 257B013816684C5E006ACA24 /* LULocation.h */; settings = {ATTRIBUTES = (Public, ); }; };
		257B016516684C5E006ACA24 /* LULocation.m in Sources */ = {isa = PBXBuildFile; fileRef = 257B013916684C5E006ACA24 /* LULocation.m */; };
		257B016616684C5E006ACA24 /* LULoyalty.h in Headers */ = {isa = PBXBuildFile; fileRef = 257B013A16684C5E006ACA24 /* LULoyalty.h */; settings = {ATTRIBUTES = (Public, ); }; };
		257B016716684C5E006ACA24 /* LULoyalty.m in Sources */ = {isa = PBXBuildFile; fileRef = 257B013B16684C5E006ACA24 /* LULoyalty.m */; };
		257B016816684C5E006ACA24 /* LUMerchandiseOrder.h in Headers */ = {isa = PBXBuildFile; fileRef = 257B013C16684C5E006ACA24 /* LUMerchandiseOrder.h */; settings = {ATTRIBUTES = (Public, ); }; };
		257B016916684C5E006ACA24 /* LUMerchandiseOrder.m in Sources */ = {isa = PBXBuildFile; fileRef = 257B013D16684C5E006ACA24 /* LUMerchandiseOrder.m */; };
		257B016A16684C5E006ACA24 /* LUMerchant.h in Headers */ = {isa = PBXBuildFile; fileRef = 257B013E16684C5E006ACA24 /* LUMerchant.h */; settings = {ATTRIBUTES = (Public, ); }; };
		257B016B16684C5E006ACA24 /* LUMerchant.m in Sources */ = {isa = PBXBuildFile; fileRef = 257B013F16684C5E006ACA24 /* LUMerchant.m */; };
		257B016C16684C5E006ACA24 /* LUMonetaryValue.h in Headers */ = {isa = PBXBuildFile; fileRef = 257B014016684C5E006ACA24 /* LUMonetaryValue.h */; settings = {ATTRIBUTES = (Public, ); }; };
		257B016D16684C5E006ACA24 /* LUMonetaryValue.m in Sources */ = {isa = PBXBuildFile; fileRef = 257B014116684C5E006ACA24 /* LUMonetaryValue.m */; };
		257B016E16684C5E006ACA24 /* LUOAuthToken.h in Headers */ = {isa = PBXBuildFile; fileRef = 257B014216684C5E006ACA24 /* LUOAuthToken.h */; settings = {ATTRIBUTES = (Public, ); }; };
		257B016F16684C5E006ACA24 /* LUOAuthToken.m in Sources */ = {isa = PBXBuildFile; fileRef = 257B014316684C5E006ACA24 /* LUOAuthToken.m */; };
		257B017016684C5E006ACA24 /* LUOrder.h in Headers */ = {isa = PBXBuildFile; fileRef = 257B014416684C5E006ACA24 /* LUOrder.h */; settings = {ATTRIBUTES = (Public, ); }; };
		257B017116684C5E006ACA24 /* LUOrder.m in Sources */ = {isa = PBXBuildFile; fileRef = 257B014516684C5E006ACA24 /* LUOrder.m */; };
		257B017216684C5E006ACA24 /* LUQRCode.h in Headers */ = {isa = PBXBuildFile; fileRef = 257B014616684C5E006ACA24 /* LUQRCode.h */; settings = {ATTRIBUTES = (Public, ); }; };
		257B017316684C5E006ACA24 /* LUQRCode.m in Sources */ = {isa = PBXBuildFile; fileRef = 257B014716684C5E006ACA24 /* LUQRCode.m */; };
		257B017416684C5E006ACA24 /* LUTicket.h in Headers */ = {isa = PBXBuildFile; fileRef = 257B014816684C5E006ACA24 /* LUTicket.h */; settings = {ATTRIBUTES = (Public, ); }; };
		257B017516684C5E006ACA24 /* LUTicket.m in Sources */ = {isa = PBXBuildFile; fileRef = 257B014916684C5E006ACA24 /* LUTicket.m */; };
		257B017616684C5E006ACA24 /* LUUser.h in Headers */ = {isa = PBXBuildFile; fileRef = 257B014A16684C5E006ACA24 /* LUUser.h */; settings = {ATTRIBUTES = (Public, ); }; };
		257B017716684C5E006ACA24 /* LUUser.m in Sources */ = {isa = PBXBuildFile; fileRef = 257B014B16684C5E006ACA24 /* LUUser.m */; };
		257B017816684C5E006ACA24 /* LUUserAddress.h in Headers */ = {isa = PBXBuildFile; fileRef = 257B014C16684C5E006ACA24 /* LUUserAddress.h */; settings = {ATTRIBUTES = (Public, ); }; };
		257B017916684C5E006ACA24 /* LUUserAddress.m in Sources */ = {isa = PBXBuildFile; fileRef = 257B014D16684C5E006ACA24 /* LUUserAddress.m */; };
		257B01A016684CC9006ACA24 /* LUAPIClient.h in Headers */ = {isa = PBXBuildFile; fileRef = 257B017C16684CC9006ACA24 /* LUAPIClient.h */; settings = {ATTRIBUTES = (Public, ); }; };
		257B01A116684CC9006ACA24 /* LUAPIClient.m in Sources */ = {isa = PBXBuildFile; fileRef = 257B017D16684CC9006ACA24 /* LUAPIClient.m */; };
		257B01A216684CC9006ACA24 /* LUAPIRequest.h in Headers */ = {isa = PBXBuildFile; fileRef = 257B017F16684CC9006ACA24 /* LUAPIRequest.h */; settings = {ATTRIBUTES = (Public, ); }; };
		257B01A316684CC9006ACA24 /* LUAPIRequest.m in Sources */ = {isa = PBXBuildFile; fileRef = 257B018016684CC9006ACA24 /* LUAPIRequest.m */; };
		257B01A416684CC9006ACA24 /* LUApnDeviceRequest.h in Headers */ = {isa = PBXBuildFile; fileRef = 257B018116684CC9006ACA24 /* LUApnDeviceRequest.h */; settings = {ATTRIBUTES = (Public, ); }; };
		257B01A516684CC9006ACA24 /* LUApnDeviceRequest.m in Sources */ = {isa = PBXBuildFile; fileRef = 257B018216684CC9006ACA24 /* LUApnDeviceRequest.m */; };
		257B01A616684CC9006ACA24 /* LUCategoryRequest.h in Headers */ = {isa = PBXBuildFile; fileRef = 257B018316684CC9006ACA24 /* LUCategoryRequest.h */; settings = {ATTRIBUTES = (Public, ); }; };
		257B01A716684CC9006ACA24 /* LUCategoryRequest.m in Sources */ = {isa = PBXBuildFile; fileRef = 257B018416684CC9006ACA24 /* LUCategoryRequest.m */; };
		257B01A816684CC9006ACA24 /* LUCauseRequest.h in Headers */ = {isa = PBXBuildFile; fileRef = 257B018516684CC9006ACA24 /* LUCauseRequest.h */; settings = {ATTRIBUTES = (Public, ); }; };
		257B01A916684CC9006ACA24 /* LUCauseRequest.m in Sources */ = {isa = PBXBuildFile; fileRef = 257B018616684CC9006ACA24 /* LUCauseRequest.m */; };
		257B01AA16684CC9006ACA24 /* LUClaimRequest.h in Headers */ = {isa = PBXBuildFile; fileRef = 257B018716684CC9006ACA24 /* LUClaimRequest.h */; settings = {ATTRIBUTES = (Public, ); }; };
		257B01AB16684CC9006ACA24 /* LUClaimRequest.m in Sources */ = {isa = PBXBuildFile; fileRef = 257B018816684CC9006ACA24 /* LUClaimRequest.m */; };
		257B01AC16684CC9006ACA24 /* LUCohortRequest.h in Headers */ = {isa = PBXBuildFile; fileRef = 257B018916684CC9006ACA24 /* LUCohortRequest.h */; settings = {ATTRIBUTES = (Public, ); }; };
		257B01AD16684CC9006ACA24 /* LUCohortRequest.m in Sources */ = {isa = PBXBuildFile; fileRef = 257B018A16684CC9006ACA24 /* LUCohortRequest.m */; };
		257B01AE16684CC9006ACA24 /* LUCreditCardRequest.h in Headers */ = {isa = PBXBuildFile; fileRef = 257B018B16684CC9006ACA24 /* LUCreditCardRequest.h */; settings = {ATTRIBUTES = (Public, ); }; };
		257B01AF16684CC9006ACA24 /* LUCreditCardRequest.m in Sources */ = {isa = PBXBuildFile; fileRef = 257B018C16684CC9006ACA24 /* LUCreditCardRequest.m */; };
		257B01B016684CC9006ACA24 /* LUDivisionRequest.h in Headers */ = {isa = PBXBuildFile; fileRef = 257B018D16684CC9006ACA24 /* LUDivisionRequest.h */; settings = {ATTRIBUTES = (Public, ); }; };
		257B01B116684CC9006ACA24 /* LUDivisionRequest.m in Sources */ = {isa = PBXBuildFile; fileRef = 257B018E16684CC9006ACA24 /* LUDivisionRequest.m */; };
		257B01B216684CC9006ACA24 /* LUMerchandiseOrderRequest.h in Headers */ = {isa = PBXBuildFile; fileRef = 257B018F16684CC9006ACA24 /* LUMerchandiseOrderRequest.h */; settings = {ATTRIBUTES = (Public, ); }; };
		257B01B316684CC9006ACA24 /* LUMerchandiseOrderRequest.m in Sources */ = {isa = PBXBuildFile; fileRef = 257B019016684CC9006ACA24 /* LUMerchandiseOrderRequest.m */; };
		257B01B416684CC9006ACA24 /* LUMerchantRequest.h in Headers */ = {isa = PBXBuildFile; fileRef = 257B019116684CC9006ACA24 /* LUMerchantRequest.h */; settings = {ATTRIBUTES = (Public, ); }; };
		257B01B516684CC9006ACA24 /* LUMerchantRequest.m in Sources */ = {isa = PBXBuildFile; fileRef = 257B019216684CC9006ACA24 /* LUMerchantRequest.m */; };
		257B01B616684CC9006ACA24 /* LUOAuthTokenRequest.h in Headers */ = {isa = PBXBuildFile; fileRef = 257B019316684CC9006ACA24 /* LUOAuthTokenRequest.h */; settings = {ATTRIBUTES = (Public, ); }; };
		257B01B716684CC9006ACA24 /* LUOAuthTokenRequest.m in Sources */ = {isa = PBXBuildFile; fileRef = 257B019416684CC9006ACA24 /* LUOAuthTokenRequest.m */; };
		257B01B816684CC9006ACA24 /* LUOrderRequest.h in Headers */ = {isa = PBXBuildFile; fileRef = 257B019516684CC9006ACA24 /* LUOrderRequest.h */; settings = {ATTRIBUTES = (Public, ); }; };
		257B01B916684CC9006ACA24 /* LUOrderRequest.m in Sources */ = {isa = PBXBuildFile; fileRef = 257B019616684CC9006ACA24 /* LUOrderRequest.m */; };
		257B01BA16684CC9006ACA24 /* LUTicketRequest.h in Headers */ = {isa = PBXBuildFile; fileRef = 257B019716684CC9006ACA24 /* LUTicketRequest.h */; settings = {ATTRIBUTES = (Public, ); }; };
		257B01BB16684CC9006ACA24 /* LUTicketRequest.m in Sources */ = {isa = PBXBuildFile; fileRef = 257B019816684CC9006ACA24 /* LUTicketRequest.m */; };
		257B01BC16684CC9006ACA24 /* LUUserRequest.h in Headers */ = {isa = PBXBuildFile; fileRef = 257B019916684CC9006ACA24 /* LUUserRequest.h */; settings = {ATTRIBUTES = (Public, ); }; };
		257B01BD16684CC9006ACA24 /* LUUserRequest.m in Sources */ = {isa = PBXBuildFile; fileRef = 257B019A16684CC9006ACA24 /* LUUserRequest.m */; };
		257B01BE16684CC9006ACA24 /* LUDictionarySerializer.h in Headers */ = {isa = PBXBuildFile; fileRef = 257B019C16684CC9006ACA24 /* LUDictionarySerializer.h */; };
		257B01BF16684CC9006ACA24 /* LUDictionarySerializer.m in Sources */ = {isa = PBXBuildFile; fileRef = 257B019D16684CC9006ACA24 /* LUDictionarySerializer.m */; };
		257B01C016684CC9006ACA24 /* LUJSONDeserializer.h in Headers */ = {isa = PBXBuildFile; fileRef = 257B019E16684CC9006ACA24 /* LUJSONDeserializer.h */; };
		257B01C116684CC9006ACA24 /* LUJSONDeserializer.m in Sources */ = {isa = PBXBuildFile; fileRef = 257B019F16684CC9006ACA24 /* LUJSONDeserializer.m */; };
		257B01C916684D69006ACA24 /* NSDate+StringFormats.h in Headers */ = {isa = PBXBuildFile; fileRef = 257B01C316684D69006ACA24 /* NSDate+StringFormats.h */; settings = {ATTRIBUTES = (); }; };
		257B01CA16684D69006ACA24 /* NSDate+StringFormats.m in Sources */ = {isa = PBXBuildFile; fileRef = 257B01C416684D69006ACA24 /* NSDate+StringFormats.m */; };
		257B01CB16684D69006ACA24 /* NSNumber+Base36.h in Headers */ = {isa = PBXBuildFile; fileRef = 257B01C516684D69006ACA24 /* NSNumber+Base36.h */; };
		257B01CC16684D69006ACA24 /* NSNumber+Base36.m in Sources */ = {isa = PBXBuildFile; fileRef = 257B01C616684D69006ACA24 /* NSNumber+Base36.m */; };
		257B01CD16684D69006ACA24 /* NSString+Escaping.h in Headers */ = {isa = PBXBuildFile; fileRef = 257B01C716684D69006ACA24 /* NSString+Escaping.h */; };
		257B01CE16684D69006ACA24 /* NSString+Escaping.m in Sources */ = {isa = PBXBuildFile; fileRef = 257B01C816684D69006ACA24 /* NSString+Escaping.m */; };
		257B022916684FE1006ACA24 /* LUQRCodeDecoder.h in Headers */ = {isa = PBXBuildFile; fileRef = 257B022016684FE1006ACA24 /* LUQRCodeDecoder.h */; settings = {ATTRIBUTES = (); }; };
		257B022A16684FE1006ACA24 /* LUQRCodeDecoder.m in Sources */ = {isa = PBXBuildFile; fileRef = 257B022116684FE1006ACA24 /* LUQRCodeDecoder.m */; };
		257B022B16684FE1006ACA24 /* LUQRCodeGenerator.h in Headers */ = {isa = PBXBuildFile; fileRef = 257B022216684FE1006ACA24 /* LUQRCodeGenerator.h */; settings = {ATTRIBUTES = (Public, ); }; };
		257B022C16684FE1006ACA24 /* LUQRCodeGenerator.m in Sources */ = {isa = PBXBuildFile; fileRef = 257B022316684FE1006ACA24 /* LUQRCodeGenerator.m */; };
		257B022D16684FE1006ACA24 /* LUQRCodeScannerView.h in Headers */ = {isa = PBXBuildFile; fileRef = 257B022516684FE1006ACA24 /* LUQRCodeScannerView.h */; settings = {ATTRIBUTES = (Public, ); }; };
		257B022E16684FE1006ACA24 /* LUQRCodeScannerView.m in Sources */ = {isa = PBXBuildFile; fileRef = 257B022616684FE1006ACA24 /* LUQRCodeScannerView.m */; };
		257B022F16684FE1006ACA24 /* LUQROverlayView.h in Headers */ = {isa = PBXBuildFile; fileRef = 257B022716684FE1006ACA24 /* LUQROverlayView.h */; };
		257B023016684FE1006ACA24 /* LUQROverlayView.m in Sources */ = {isa = PBXBuildFile; fileRef = 257B022816684FE1006ACA24 /* LUQROverlayView.m */; };
		257B026C166853EA006ACA24 /* UIKit.framework in Frameworks */ = {isa = PBXBuildFile; fileRef = 257B026B166853EA006ACA24 /* UIKit.framework */; };
		25AD5E45167E672A00E43701 /* LUApnDeviceSpec.m in Sources */ = {isa = PBXBuildFile; fileRef = 25AD5E2E167E672A00E43701 /* LUApnDeviceSpec.m */; };
		25AD5E46167E672A00E43701 /* LUBundleSpec.m in Sources */ = {isa = PBXBuildFile; fileRef = 25AD5E2F167E672A00E43701 /* LUBundleSpec.m */; };
		25AD5E47167E672A00E43701 /* LUCampaignSpec.m in Sources */ = {isa = PBXBuildFile; fileRef = 25AD5E30167E672A00E43701 /* LUCampaignSpec.m */; };
		25AD5E48167E672A00E43701 /* LUCategorySpec.m in Sources */ = {isa = PBXBuildFile; fileRef = 25AD5E31167E672A00E43701 /* LUCategorySpec.m */; };
		25AD5E49167E672A00E43701 /* LUCauseCategorySpec.m in Sources */ = {isa = PBXBuildFile; fileRef = 25AD5E32167E672A00E43701 /* LUCauseCategorySpec.m */; };
		25AD5E4A167E672A00E43701 /* LUCauseSpec.m in Sources */ = {isa = PBXBuildFile; fileRef = 25AD5E33167E672A00E43701 /* LUCauseSpec.m */; };
		25AD5E4B167E672A00E43701 /* LUClaimSpec.m in Sources */ = {isa = PBXBuildFile; fileRef = 25AD5E34167E672A00E43701 /* LUClaimSpec.m */; };
		25AD5E4C167E672A00E43701 /* LUCohortSpec.m in Sources */ = {isa = PBXBuildFile; fileRef = 25AD5E35167E672A00E43701 /* LUCohortSpec.m */; };
		25AD5E4D167E672A00E43701 /* LUCreditCardSpec.m in Sources */ = {isa = PBXBuildFile; fileRef = 25AD5E36167E672A00E43701 /* LUCreditCardSpec.m */; };
		25AD5E4E167E672A00E43701 /* LUDivisionSpec.m in Sources */ = {isa = PBXBuildFile; fileRef = 25AD5E37167E672A00E43701 /* LUDivisionSpec.m */; };
		25AD5E4F167E672A00E43701 /* LUDonationSpec.m in Sources */ = {isa = PBXBuildFile; fileRef = 25AD5E38167E672A00E43701 /* LUDonationSpec.m */; };
		25AD5E50167E672A00E43701 /* LUInterstitialActionSpec.m in Sources */ = {isa = PBXBuildFile; fileRef = 25AD5E39167E672A00E43701 /* LUInterstitialActionSpec.m */; };
		25AD5E51167E672A00E43701 /* LULocationSpec.m in Sources */ = {isa = PBXBuildFile; fileRef = 25AD5E3A167E672A00E43701 /* LULocationSpec.m */; };
		25AD5E52167E672A00E43701 /* LULoyaltySpec.m in Sources */ = {isa = PBXBuildFile; fileRef = 25AD5E3B167E672A00E43701 /* LULoyaltySpec.m */; };
		25AD5E53167E672A00E43701 /* LUMerchandiseOrderSpec.m in Sources */ = {isa = PBXBuildFile; fileRef = 25AD5E3C167E672A00E43701 /* LUMerchandiseOrderSpec.m */; };
		25AD5E54167E672A00E43701 /* LUMerchantSpec.m in Sources */ = {isa = PBXBuildFile; fileRef = 25AD5E3D167E672A00E43701 /* LUMerchantSpec.m */; };
		25AD5E55167E672A00E43701 /* LUMonetaryValueSpec.m in Sources */ = {isa = PBXBuildFile; fileRef = 25AD5E3E167E672A00E43701 /* LUMonetaryValueSpec.m */; };
		25AD5E56167E672A00E43701 /* LUOAuthTokenSpec.m in Sources */ = {isa = PBXBuildFile; fileRef = 25AD5E3F167E672A00E43701 /* LUOAuthTokenSpec.m */; };
		25AD5E57167E672A00E43701 /* LUOrderSpec.m in Sources */ = {isa = PBXBuildFile; fileRef = 25AD5E40167E672A00E43701 /* LUOrderSpec.m */; };
		25AD5E58167E672A00E43701 /* LUQRCodeSpec.m in Sources */ = {isa = PBXBuildFile; fileRef = 25AD5E41167E672A00E43701 /* LUQRCodeSpec.m */; };
		25AD5E59167E672A00E43701 /* LUTicketSpec.m in Sources */ = {isa = PBXBuildFile; fileRef = 25AD5E42167E672A00E43701 /* LUTicketSpec.m */; };
		25AD5E5A167E672A00E43701 /* LUUserAddressSpec.m in Sources */ = {isa = PBXBuildFile; fileRef = 25AD5E43167E672A00E43701 /* LUUserAddressSpec.m */; };
		25AD5E5B167E672A00E43701 /* LUUserSpec.m in Sources */ = {isa = PBXBuildFile; fileRef = 25AD5E44167E672A00E43701 /* LUUserSpec.m */; };
		25F643A8166832D600A05C0E /* Foundation.framework in Frameworks */ = {isa = PBXBuildFile; fileRef = 25F643A7166832D600A05C0E /* Foundation.framework */; };
		25F643BA166832D600A05C0E /* Foundation.framework in Frameworks */ = {isa = PBXBuildFile; fileRef = 25F643A7166832D600A05C0E /* Foundation.framework */; };
		25F643BD166832D600A05C0E /* libLevelUpSDK.a in Frameworks */ = {isa = PBXBuildFile; fileRef = 25F643A4166832D600A05C0E /* libLevelUpSDK.a */; };
		25F643C3166832D600A05C0E /* InfoPlist.strings in Resources */ = {isa = PBXBuildFile; fileRef = 25F643C1166832D600A05C0E /* InfoPlist.strings */; };
		45C90162129F4441AD00C796 /* libPods-test.a in Frameworks */ = {isa = PBXBuildFile; fileRef = 35969BE4155A4B838F746A8C /* libPods-test.a */; };
		6F444D2F83D549768CF26F9C /* libPods.a in Frameworks */ = {isa = PBXBuildFile; fileRef = 1A39890392E641DAA8438DC9 /* libPods.a */; };
		F85F87FF16B094A100F3F648 /* NSArray+ObjectAccess.h in Headers */ = {isa = PBXBuildFile; fileRef = F85F87FD16B094A100F3F648 /* NSArray+ObjectAccess.h */; };
		F85F880016B094A100F3F648 /* NSArray+ObjectAccess.m in Sources */ = {isa = PBXBuildFile; fileRef = F85F87FE16B094A100F3F648 /* NSArray+ObjectAccess.m */; };
		F8A4F35B166F99B6004B696B /* LUBundleRequest.h in Headers */ = {isa = PBXBuildFile; fileRef = F8A4F359166F99B6004B696B /* LUBundleRequest.h */; settings = {ATTRIBUTES = (Public, ); }; };
		F8A4F35C166F99B6004B696B /* LUBundleRequest.m in Sources */ = {isa = PBXBuildFile; fileRef = F8A4F35A166F99B6004B696B /* LUBundleRequest.m */; };
		F8A4F35F166F99D1004B696B /* LUBundle.h in Headers */ = {isa = PBXBuildFile; fileRef = F8A4F35D166F99D1004B696B /* LUBundle.h */; settings = {ATTRIBUTES = (Public, ); }; };
		F8A4F360166F99D1004B696B /* LUBundle.m in Sources */ = {isa = PBXBuildFile; fileRef = F8A4F35E166F99D1004B696B /* LUBundle.m */; };
		F8E319781677908C00D75887 /* LURefund.h in Headers */ = {isa = PBXBuildFile; fileRef = F8E319761677908C00D75887 /* LURefund.h */; settings = {ATTRIBUTES = (Public, ); }; };
		F8E319791677908C00D75887 /* LURefund.m in Sources */ = {isa = PBXBuildFile; fileRef = F8E319771677908C00D75887 /* LURefund.m */; };
/* End PBXBuildFile section */

/* Begin PBXContainerItemProxy section */
		02941E6216B734C300EDAF6E /* PBXContainerItemProxy */ = {
			isa = PBXContainerItemProxy;
			containerPortal = 25F6439B166832D600A05C0E /* Project object */;
			proxyType = 1;
			remoteGlobalIDString = 25F643A3166832D600A05C0E;
			remoteInfo = LevelUpSDK;
		};
/* End PBXContainerItemProxy section */

/* Begin PBXFileReference section */
		021DFF4A169F27BB00215926 /* LUCampaignRequest.h */ = {isa = PBXFileReference; fileEncoding = 4; lastKnownFileType = sourcecode.c.h; path = LUCampaignRequest.h; sourceTree = "<group>"; };
		021DFF4B169F27BB00215926 /* LUCampaignRequest.m */ = {isa = PBXFileReference; fileEncoding = 4; lastKnownFileType = sourcecode.c.objc; path = LUCampaignRequest.m; sourceTree = "<group>"; };
		022B2855166E519800679E06 /* LUQRCodeGeneratorSpec.m */ = {isa = PBXFileReference; fileEncoding = 4; lastKnownFileType = sourcecode.c.objc; name = LUQRCodeGeneratorSpec.m; path = "QRCode Management/LUQRCodeGeneratorSpec.m"; sourceTree = "<group>"; };
		02941E6416B738AE00EDAF6E /* AVFoundation.framework */ = {isa = PBXFileReference; lastKnownFileType = wrapper.framework; name = AVFoundation.framework; path = System/Library/Frameworks/AVFoundation.framework; sourceTree = SDKROOT; };
		02941E6716B7391700EDAF6E /* QuartzCore.framework */ = {isa = PBXFileReference; lastKnownFileType = wrapper.framework; name = QuartzCore.framework; path = System/Library/Frameworks/QuartzCore.framework; sourceTree = SDKROOT; };
		02941E6A16B739FE00EDAF6E /* CoreGraphics.framework */ = {isa = PBXFileReference; lastKnownFileType = wrapper.framework; name = CoreGraphics.framework; path = System/Library/Frameworks/CoreGraphics.framework; sourceTree = SDKROOT; };
		02941E6D16B73A2500EDAF6E /* CoreLocation.framework */ = {isa = PBXFileReference; lastKnownFileType = wrapper.framework; name = CoreLocation.framework; path = System/Library/Frameworks/CoreLocation.framework; sourceTree = SDKROOT; };
		02941E7016B73A5F00EDAF6E /* Security.framework */ = {isa = PBXFileReference; lastKnownFileType = wrapper.framework; name = Security.framework; path = System/Library/Frameworks/Security.framework; sourceTree = SDKROOT; };
		02941E7316B73A9B00EDAF6E /* CoreVideo.framework */ = {isa = PBXFileReference; lastKnownFileType = wrapper.framework; name = CoreVideo.framework; path = System/Library/Frameworks/CoreVideo.framework; sourceTree = SDKROOT; };
		02941E7616B73ADB00EDAF6E /* SystemConfiguration.framework */ = {isa = PBXFileReference; lastKnownFileType = wrapper.framework; name = SystemConfiguration.framework; path = System/Library/Frameworks/SystemConfiguration.framework; sourceTree = SDKROOT; };
		02941E7916B73B1D00EDAF6E /* MobileCoreServices.framework */ = {isa = PBXFileReference; lastKnownFileType = wrapper.framework; name = MobileCoreServices.framework; path = System/Library/Frameworks/MobileCoreServices.framework; sourceTree = SDKROOT; };
		02941E7C16B73B5700EDAF6E /* ImageIO.framework */ = {isa = PBXFileReference; lastKnownFileType = wrapper.framework; name = ImageIO.framework; path = System/Library/Frameworks/ImageIO.framework; sourceTree = SDKROOT; };
		02941E7F16B73B7B00EDAF6E /* CoreMedia.framework */ = {isa = PBXFileReference; lastKnownFileType = wrapper.framework; name = CoreMedia.framework; path = System/Library/Frameworks/CoreMedia.framework; sourceTree = SDKROOT; };
		02941F8116B96CBC00EDAF6E /* BraintreeAES.h */ = {isa = PBXFileReference; fileEncoding = 4; lastKnownFileType = sourcecode.c.h; path = BraintreeAES.h; sourceTree = "<group>"; };
		02941F8216B96CBC00EDAF6E /* BraintreeAES.m */ = {isa = PBXFileReference; fileEncoding = 4; lastKnownFileType = sourcecode.c.objc; path = BraintreeAES.m; sourceTree = "<group>"; };
		02941F8416B96CBC00EDAF6E /* BraintreeEncryption.h */ = {isa = PBXFileReference; fileEncoding = 4; lastKnownFileType = sourcecode.c.h; path = BraintreeEncryption.h; sourceTree = "<group>"; };
		02941F8516B96CBC00EDAF6E /* BraintreeEncryption.m */ = {isa = PBXFileReference; fileEncoding = 4; lastKnownFileType = sourcecode.c.objc; path = BraintreeEncryption.m; sourceTree = "<group>"; };
		02941F8716B96CBC00EDAF6E /* BraintreeRandom.h */ = {isa = PBXFileReference; fileEncoding = 4; lastKnownFileType = sourcecode.c.h; path = BraintreeRandom.h; sourceTree = "<group>"; };
		02941F8816B96CBC00EDAF6E /* BraintreeRandom.m */ = {isa = PBXFileReference; fileEncoding = 4; lastKnownFileType = sourcecode.c.objc; path = BraintreeRandom.m; sourceTree = "<group>"; };
		02941F8916B96CBC00EDAF6E /* BraintreeRSA.h */ = {isa = PBXFileReference; fileEncoding = 4; lastKnownFileType = sourcecode.c.h; path = BraintreeRSA.h; sourceTree = "<group>"; };
		02941F8A16B96CBC00EDAF6E /* BraintreeRSA.m */ = {isa = PBXFileReference; fileEncoding = 4; lastKnownFileType = sourcecode.c.objc; path = BraintreeRSA.m; sourceTree = "<group>"; };
		02941F8D16B96CBC00EDAF6E /* NSData+Base64.h */ = {isa = PBXFileReference; fileEncoding = 4; lastKnownFileType = sourcecode.c.h; path = "NSData+Base64.h"; sourceTree = "<group>"; };
		02941F8E16B96CBC00EDAF6E /* NSData+Base64.m */ = {isa = PBXFileReference; fileEncoding = 4; lastKnownFileType = sourcecode.c.objc; path = "NSData+Base64.m"; sourceTree = "<group>"; };
		02941F8F16B96CBC00EDAF6E /* SecKeyWrapper.h */ = {isa = PBXFileReference; fileEncoding = 4; lastKnownFileType = sourcecode.c.h; path = SecKeyWrapper.h; sourceTree = "<group>"; };
		02941F9016B96CBC00EDAF6E /* SecKeyWrapper.m */ = {isa = PBXFileReference; fileEncoding = 4; lastKnownFileType = sourcecode.c.objc; path = SecKeyWrapper.m; sourceTree = "<group>"; };
		02B1643416A0A47600052672 /* LUAPIErrorCodes.h */ = {isa = PBXFileReference; fileEncoding = 4; lastKnownFileType = sourcecode.c.h; path = LUAPIErrorCodes.h; sourceTree = "<group>"; };
		02B1643516A0A47600052672 /* LUAPIErrorCodes.m */ = {isa = PBXFileReference; fileEncoding = 4; lastKnownFileType = sourcecode.c.objc; path = LUAPIErrorCodes.m; sourceTree = "<group>"; };
		02ED9BE81688DA5600DFC994 /* NSString+HTMLStripping.h */ = {isa = PBXFileReference; fileEncoding = 4; lastKnownFileType = sourcecode.c.h; path = "NSString+HTMLStripping.h"; sourceTree = "<group>"; };
		02ED9BE91688DA5600DFC994 /* NSString+HTMLStripping.m */ = {isa = PBXFileReference; fileEncoding = 4; lastKnownFileType = sourcecode.c.objc; path = "NSString+HTMLStripping.m"; sourceTree = "<group>"; };
		05C538A8A6814C6E82461EB1 /* Pods.xcconfig */ = {isa = PBXFileReference; includeInIndex = 1; lastKnownFileType = text.xcconfig; name = Pods.xcconfig; path = Pods/Pods.xcconfig; sourceTree = SOURCE_ROOT; };
		1A39890392E641DAA8438DC9 /* libPods.a */ = {isa = PBXFileReference; explicitFileType = archive.ar; includeInIndex = 0; path = libPods.a; sourceTree = BUILT_PRODUCTS_DIR; };
		1A87B155A51E46E5AA3C0B28 /* Pods-test.xcconfig */ = {isa = PBXFileReference; includeInIndex = 1; lastKnownFileType = text.xcconfig; name = "Pods-test.xcconfig"; path = "Pods/Pods-test.xcconfig"; sourceTree = SOURCE_ROOT; };
		257B00E216684756006ACA24 /* LUConstants.h */ = {isa = PBXFileReference; fileEncoding = 4; lastKnownFileType = sourcecode.c.h; path = LUConstants.h; sourceTree = "<group>"; };
		257B00E316684756006ACA24 /* LUConstants.m */ = {isa = PBXFileReference; fileEncoding = 4; lastKnownFileType = sourcecode.c.objc; path = LUConstants.m; sourceTree = "<group>"; };
		257B00E71668479A006ACA24 /* LUDeviceIdentifier.h */ = {isa = PBXFileReference; fileEncoding = 4; lastKnownFileType = sourcecode.c.h; path = LUDeviceIdentifier.h; sourceTree = "<group>"; };
		257B00E81668479A006ACA24 /* LUDeviceIdentifier.m */ = {isa = PBXFileReference; fileEncoding = 4; lastKnownFileType = sourcecode.c.objc; path = LUDeviceIdentifier.m; sourceTree = "<group>"; };
		257B012216684C5E006ACA24 /* LUApnDevice.h */ = {isa = PBXFileReference; fileEncoding = 4; lastKnownFileType = sourcecode.c.h; name = LUApnDevice.h; path = Models/LUApnDevice.h; sourceTree = "<group>"; };
		257B012316684C5E006ACA24 /* LUApnDevice.m */ = {isa = PBXFileReference; fileEncoding = 4; lastKnownFileType = sourcecode.c.objc; name = LUApnDevice.m; path = Models/LUApnDevice.m; sourceTree = "<group>"; };
		257B012416684C5E006ACA24 /* LUCampaign.h */ = {isa = PBXFileReference; fileEncoding = 4; lastKnownFileType = sourcecode.c.h; name = LUCampaign.h; path = Models/LUCampaign.h; sourceTree = "<group>"; };
		257B012516684C5E006ACA24 /* LUCampaign.m */ = {isa = PBXFileReference; fileEncoding = 4; lastKnownFileType = sourcecode.c.objc; name = LUCampaign.m; path = Models/LUCampaign.m; sourceTree = "<group>"; };
		257B012616684C5E006ACA24 /* LUCategory.h */ = {isa = PBXFileReference; fileEncoding = 4; lastKnownFileType = sourcecode.c.h; name = LUCategory.h; path = Models/LUCategory.h; sourceTree = "<group>"; };
		257B012716684C5E006ACA24 /* LUCategory.m */ = {isa = PBXFileReference; fileEncoding = 4; lastKnownFileType = sourcecode.c.objc; name = LUCategory.m; path = Models/LUCategory.m; sourceTree = "<group>"; };
		257B012816684C5E006ACA24 /* LUCause.h */ = {isa = PBXFileReference; fileEncoding = 4; lastKnownFileType = sourcecode.c.h; name = LUCause.h; path = Models/LUCause.h; sourceTree = "<group>"; };
		257B012916684C5E006ACA24 /* LUCause.m */ = {isa = PBXFileReference; fileEncoding = 4; lastKnownFileType = sourcecode.c.objc; name = LUCause.m; path = Models/LUCause.m; sourceTree = "<group>"; };
		257B012A16684C5E006ACA24 /* LUCauseCategory.h */ = {isa = PBXFileReference; fileEncoding = 4; lastKnownFileType = sourcecode.c.h; name = LUCauseCategory.h; path = Models/LUCauseCategory.h; sourceTree = "<group>"; };
		257B012B16684C5E006ACA24 /* LUCauseCategory.m */ = {isa = PBXFileReference; fileEncoding = 4; lastKnownFileType = sourcecode.c.objc; name = LUCauseCategory.m; path = Models/LUCauseCategory.m; sourceTree = "<group>"; };
		257B012C16684C5E006ACA24 /* LUClaim.h */ = {isa = PBXFileReference; fileEncoding = 4; lastKnownFileType = sourcecode.c.h; name = LUClaim.h; path = Models/LUClaim.h; sourceTree = "<group>"; };
		257B012D16684C5E006ACA24 /* LUClaim.m */ = {isa = PBXFileReference; fileEncoding = 4; lastKnownFileType = sourcecode.c.objc; name = LUClaim.m; path = Models/LUClaim.m; sourceTree = "<group>"; };
		257B012E16684C5E006ACA24 /* LUCohort.h */ = {isa = PBXFileReference; fileEncoding = 4; lastKnownFileType = sourcecode.c.h; name = LUCohort.h; path = Models/LUCohort.h; sourceTree = "<group>"; };
		257B012F16684C5E006ACA24 /* LUCohort.m */ = {isa = PBXFileReference; fileEncoding = 4; lastKnownFileType = sourcecode.c.objc; name = LUCohort.m; path = Models/LUCohort.m; sourceTree = "<group>"; };
		257B013016684C5E006ACA24 /* LUCreditCard.h */ = {isa = PBXFileReference; fileEncoding = 4; lastKnownFileType = sourcecode.c.h; name = LUCreditCard.h; path = Models/LUCreditCard.h; sourceTree = "<group>"; };
		257B013116684C5E006ACA24 /* LUCreditCard.m */ = {isa = PBXFileReference; fileEncoding = 4; lastKnownFileType = sourcecode.c.objc; name = LUCreditCard.m; path = Models/LUCreditCard.m; sourceTree = "<group>"; };
		257B013216684C5E006ACA24 /* LUDivision.h */ = {isa = PBXFileReference; fileEncoding = 4; lastKnownFileType = sourcecode.c.h; name = LUDivision.h; path = Models/LUDivision.h; sourceTree = "<group>"; };
		257B013316684C5E006ACA24 /* LUDivision.m */ = {isa = PBXFileReference; fileEncoding = 4; lastKnownFileType = sourcecode.c.objc; name = LUDivision.m; path = Models/LUDivision.m; sourceTree = "<group>"; };
		257B013416684C5E006ACA24 /* LUDonation.h */ = {isa = PBXFileReference; fileEncoding = 4; lastKnownFileType = sourcecode.c.h; name = LUDonation.h; path = Models/LUDonation.h; sourceTree = "<group>"; };
		257B013516684C5E006ACA24 /* LUDonation.m */ = {isa = PBXFileReference; fileEncoding = 4; lastKnownFileType = sourcecode.c.objc; name = LUDonation.m; path = Models/LUDonation.m; sourceTree = "<group>"; };
		257B013616684C5E006ACA24 /* LUInterstitialAction.h */ = {isa = PBXFileReference; fileEncoding = 4; lastKnownFileType = sourcecode.c.h; name = LUInterstitialAction.h; path = Models/LUInterstitialAction.h; sourceTree = "<group>"; };
		257B013716684C5E006ACA24 /* LUInterstitialAction.m */ = {isa = PBXFileReference; fileEncoding = 4; lastKnownFileType = sourcecode.c.objc; name = LUInterstitialAction.m; path = Models/LUInterstitialAction.m; sourceTree = "<group>"; };
		257B013816684C5E006ACA24 /* LULocation.h */ = {isa = PBXFileReference; fileEncoding = 4; lastKnownFileType = sourcecode.c.h; name = LULocation.h; path = Models/LULocation.h; sourceTree = "<group>"; };
		257B013916684C5E006ACA24 /* LULocation.m */ = {isa = PBXFileReference; fileEncoding = 4; lastKnownFileType = sourcecode.c.objc; name = LULocation.m; path = Models/LULocation.m; sourceTree = "<group>"; };
		257B013A16684C5E006ACA24 /* LULoyalty.h */ = {isa = PBXFileReference; fileEncoding = 4; lastKnownFileType = sourcecode.c.h; name = LULoyalty.h; path = Models/LULoyalty.h; sourceTree = "<group>"; };
		257B013B16684C5E006ACA24 /* LULoyalty.m */ = {isa = PBXFileReference; fileEncoding = 4; lastKnownFileType = sourcecode.c.objc; name = LULoyalty.m; path = Models/LULoyalty.m; sourceTree = "<group>"; };
		257B013C16684C5E006ACA24 /* LUMerchandiseOrder.h */ = {isa = PBXFileReference; fileEncoding = 4; lastKnownFileType = sourcecode.c.h; name = LUMerchandiseOrder.h; path = Models/LUMerchandiseOrder.h; sourceTree = "<group>"; };
		257B013D16684C5E006ACA24 /* LUMerchandiseOrder.m */ = {isa = PBXFileReference; fileEncoding = 4; lastKnownFileType = sourcecode.c.objc; name = LUMerchandiseOrder.m; path = Models/LUMerchandiseOrder.m; sourceTree = "<group>"; };
		257B013E16684C5E006ACA24 /* LUMerchant.h */ = {isa = PBXFileReference; fileEncoding = 4; lastKnownFileType = sourcecode.c.h; name = LUMerchant.h; path = Models/LUMerchant.h; sourceTree = "<group>"; };
		257B013F16684C5E006ACA24 /* LUMerchant.m */ = {isa = PBXFileReference; fileEncoding = 4; lastKnownFileType = sourcecode.c.objc; name = LUMerchant.m; path = Models/LUMerchant.m; sourceTree = "<group>"; };
		257B014016684C5E006ACA24 /* LUMonetaryValue.h */ = {isa = PBXFileReference; fileEncoding = 4; lastKnownFileType = sourcecode.c.h; name = LUMonetaryValue.h; path = Models/LUMonetaryValue.h; sourceTree = "<group>"; };
		257B014116684C5E006ACA24 /* LUMonetaryValue.m */ = {isa = PBXFileReference; fileEncoding = 4; lastKnownFileType = sourcecode.c.objc; name = LUMonetaryValue.m; path = Models/LUMonetaryValue.m; sourceTree = "<group>"; };
		257B014216684C5E006ACA24 /* LUOAuthToken.h */ = {isa = PBXFileReference; fileEncoding = 4; lastKnownFileType = sourcecode.c.h; name = LUOAuthToken.h; path = Models/LUOAuthToken.h; sourceTree = "<group>"; };
		257B014316684C5E006ACA24 /* LUOAuthToken.m */ = {isa = PBXFileReference; fileEncoding = 4; lastKnownFileType = sourcecode.c.objc; name = LUOAuthToken.m; path = Models/LUOAuthToken.m; sourceTree = "<group>"; };
		257B014416684C5E006ACA24 /* LUOrder.h */ = {isa = PBXFileReference; fileEncoding = 4; lastKnownFileType = sourcecode.c.h; name = LUOrder.h; path = Models/LUOrder.h; sourceTree = "<group>"; };
		257B014516684C5E006ACA24 /* LUOrder.m */ = {isa = PBXFileReference; fileEncoding = 4; lastKnownFileType = sourcecode.c.objc; name = LUOrder.m; path = Models/LUOrder.m; sourceTree = "<group>"; };
		257B014616684C5E006ACA24 /* LUQRCode.h */ = {isa = PBXFileReference; fileEncoding = 4; lastKnownFileType = sourcecode.c.h; name = LUQRCode.h; path = Models/LUQRCode.h; sourceTree = "<group>"; };
		257B014716684C5E006ACA24 /* LUQRCode.m */ = {isa = PBXFileReference; fileEncoding = 4; lastKnownFileType = sourcecode.c.objc; name = LUQRCode.m; path = Models/LUQRCode.m; sourceTree = "<group>"; };
		257B014816684C5E006ACA24 /* LUTicket.h */ = {isa = PBXFileReference; fileEncoding = 4; lastKnownFileType = sourcecode.c.h; name = LUTicket.h; path = Models/LUTicket.h; sourceTree = "<group>"; };
		257B014916684C5E006ACA24 /* LUTicket.m */ = {isa = PBXFileReference; fileEncoding = 4; lastKnownFileType = sourcecode.c.objc; name = LUTicket.m; path = Models/LUTicket.m; sourceTree = "<group>"; };
		257B014A16684C5E006ACA24 /* LUUser.h */ = {isa = PBXFileReference; fileEncoding = 4; lastKnownFileType = sourcecode.c.h; name = LUUser.h; path = Models/LUUser.h; sourceTree = "<group>"; };
		257B014B16684C5E006ACA24 /* LUUser.m */ = {isa = PBXFileReference; fileEncoding = 4; lastKnownFileType = sourcecode.c.objc; name = LUUser.m; path = Models/LUUser.m; sourceTree = "<group>"; };
		257B014C16684C5E006ACA24 /* LUUserAddress.h */ = {isa = PBXFileReference; fileEncoding = 4; lastKnownFileType = sourcecode.c.h; name = LUUserAddress.h; path = Models/LUUserAddress.h; sourceTree = "<group>"; };
		257B014D16684C5E006ACA24 /* LUUserAddress.m */ = {isa = PBXFileReference; fileEncoding = 4; lastKnownFileType = sourcecode.c.objc; name = LUUserAddress.m; path = Models/LUUserAddress.m; sourceTree = "<group>"; };
		257B017C16684CC9006ACA24 /* LUAPIClient.h */ = {isa = PBXFileReference; fileEncoding = 4; lastKnownFileType = sourcecode.c.h; path = LUAPIClient.h; sourceTree = "<group>"; };
		257B017D16684CC9006ACA24 /* LUAPIClient.m */ = {isa = PBXFileReference; fileEncoding = 4; lastKnownFileType = sourcecode.c.objc; path = LUAPIClient.m; sourceTree = "<group>"; };
		257B017F16684CC9006ACA24 /* LUAPIRequest.h */ = {isa = PBXFileReference; fileEncoding = 4; lastKnownFileType = sourcecode.c.h; path = LUAPIRequest.h; sourceTree = "<group>"; };
		257B018016684CC9006ACA24 /* LUAPIRequest.m */ = {isa = PBXFileReference; fileEncoding = 4; lastKnownFileType = sourcecode.c.objc; path = LUAPIRequest.m; sourceTree = "<group>"; };
		257B018116684CC9006ACA24 /* LUApnDeviceRequest.h */ = {isa = PBXFileReference; fileEncoding = 4; lastKnownFileType = sourcecode.c.h; path = LUApnDeviceRequest.h; sourceTree = "<group>"; };
		257B018216684CC9006ACA24 /* LUApnDeviceRequest.m */ = {isa = PBXFileReference; fileEncoding = 4; lastKnownFileType = sourcecode.c.objc; path = LUApnDeviceRequest.m; sourceTree = "<group>"; };
		257B018316684CC9006ACA24 /* LUCategoryRequest.h */ = {isa = PBXFileReference; fileEncoding = 4; lastKnownFileType = sourcecode.c.h; path = LUCategoryRequest.h; sourceTree = "<group>"; };
		257B018416684CC9006ACA24 /* LUCategoryRequest.m */ = {isa = PBXFileReference; fileEncoding = 4; lastKnownFileType = sourcecode.c.objc; path = LUCategoryRequest.m; sourceTree = "<group>"; };
		257B018516684CC9006ACA24 /* LUCauseRequest.h */ = {isa = PBXFileReference; fileEncoding = 4; lastKnownFileType = sourcecode.c.h; path = LUCauseRequest.h; sourceTree = "<group>"; };
		257B018616684CC9006ACA24 /* LUCauseRequest.m */ = {isa = PBXFileReference; fileEncoding = 4; lastKnownFileType = sourcecode.c.objc; path = LUCauseRequest.m; sourceTree = "<group>"; };
		257B018716684CC9006ACA24 /* LUClaimRequest.h */ = {isa = PBXFileReference; fileEncoding = 4; lastKnownFileType = sourcecode.c.h; path = LUClaimRequest.h; sourceTree = "<group>"; };
		257B018816684CC9006ACA24 /* LUClaimRequest.m */ = {isa = PBXFileReference; fileEncoding = 4; lastKnownFileType = sourcecode.c.objc; path = LUClaimRequest.m; sourceTree = "<group>"; };
		257B018916684CC9006ACA24 /* LUCohortRequest.h */ = {isa = PBXFileReference; fileEncoding = 4; lastKnownFileType = sourcecode.c.h; path = LUCohortRequest.h; sourceTree = "<group>"; };
		257B018A16684CC9006ACA24 /* LUCohortRequest.m */ = {isa = PBXFileReference; fileEncoding = 4; lastKnownFileType = sourcecode.c.objc; path = LUCohortRequest.m; sourceTree = "<group>"; };
		257B018B16684CC9006ACA24 /* LUCreditCardRequest.h */ = {isa = PBXFileReference; fileEncoding = 4; lastKnownFileType = sourcecode.c.h; path = LUCreditCardRequest.h; sourceTree = "<group>"; };
		257B018C16684CC9006ACA24 /* LUCreditCardRequest.m */ = {isa = PBXFileReference; fileEncoding = 4; lastKnownFileType = sourcecode.c.objc; path = LUCreditCardRequest.m; sourceTree = "<group>"; };
		257B018D16684CC9006ACA24 /* LUDivisionRequest.h */ = {isa = PBXFileReference; fileEncoding = 4; lastKnownFileType = sourcecode.c.h; path = LUDivisionRequest.h; sourceTree = "<group>"; };
		257B018E16684CC9006ACA24 /* LUDivisionRequest.m */ = {isa = PBXFileReference; fileEncoding = 4; lastKnownFileType = sourcecode.c.objc; path = LUDivisionRequest.m; sourceTree = "<group>"; };
		257B018F16684CC9006ACA24 /* LUMerchandiseOrderRequest.h */ = {isa = PBXFileReference; fileEncoding = 4; lastKnownFileType = sourcecode.c.h; path = LUMerchandiseOrderRequest.h; sourceTree = "<group>"; };
		257B019016684CC9006ACA24 /* LUMerchandiseOrderRequest.m */ = {isa = PBXFileReference; fileEncoding = 4; lastKnownFileType = sourcecode.c.objc; path = LUMerchandiseOrderRequest.m; sourceTree = "<group>"; };
		257B019116684CC9006ACA24 /* LUMerchantRequest.h */ = {isa = PBXFileReference; fileEncoding = 4; lastKnownFileType = sourcecode.c.h; path = LUMerchantRequest.h; sourceTree = "<group>"; };
		257B019216684CC9006ACA24 /* LUMerchantRequest.m */ = {isa = PBXFileReference; fileEncoding = 4; lastKnownFileType = sourcecode.c.objc; path = LUMerchantRequest.m; sourceTree = "<group>"; };
		257B019316684CC9006ACA24 /* LUOAuthTokenRequest.h */ = {isa = PBXFileReference; fileEncoding = 4; lastKnownFileType = sourcecode.c.h; path = LUOAuthTokenRequest.h; sourceTree = "<group>"; };
		257B019416684CC9006ACA24 /* LUOAuthTokenRequest.m */ = {isa = PBXFileReference; fileEncoding = 4; lastKnownFileType = sourcecode.c.objc; path = LUOAuthTokenRequest.m; sourceTree = "<group>"; };
		257B019516684CC9006ACA24 /* LUOrderRequest.h */ = {isa = PBXFileReference; fileEncoding = 4; lastKnownFileType = sourcecode.c.h; path = LUOrderRequest.h; sourceTree = "<group>"; };
		257B019616684CC9006ACA24 /* LUOrderRequest.m */ = {isa = PBXFileReference; fileEncoding = 4; lastKnownFileType = sourcecode.c.objc; path = LUOrderRequest.m; sourceTree = "<group>"; };
		257B019716684CC9006ACA24 /* LUTicketRequest.h */ = {isa = PBXFileReference; fileEncoding = 4; lastKnownFileType = sourcecode.c.h; path = LUTicketRequest.h; sourceTree = "<group>"; };
		257B019816684CC9006ACA24 /* LUTicketRequest.m */ = {isa = PBXFileReference; fileEncoding = 4; lastKnownFileType = sourcecode.c.objc; path = LUTicketRequest.m; sourceTree = "<group>"; };
		257B019916684CC9006ACA24 /* LUUserRequest.h */ = {isa = PBXFileReference; fileEncoding = 4; lastKnownFileType = sourcecode.c.h; path = LUUserRequest.h; sourceTree = "<group>"; };
		257B019A16684CC9006ACA24 /* LUUserRequest.m */ = {isa = PBXFileReference; fileEncoding = 4; lastKnownFileType = sourcecode.c.objc; path = LUUserRequest.m; sourceTree = "<group>"; };
		257B019C16684CC9006ACA24 /* LUDictionarySerializer.h */ = {isa = PBXFileReference; fileEncoding = 4; lastKnownFileType = sourcecode.c.h; path = LUDictionarySerializer.h; sourceTree = "<group>"; };
		257B019D16684CC9006ACA24 /* LUDictionarySerializer.m */ = {isa = PBXFileReference; fileEncoding = 4; lastKnownFileType = sourcecode.c.objc; path = LUDictionarySerializer.m; sourceTree = "<group>"; };
		257B019E16684CC9006ACA24 /* LUJSONDeserializer.h */ = {isa = PBXFileReference; fileEncoding = 4; lastKnownFileType = sourcecode.c.h; path = LUJSONDeserializer.h; sourceTree = "<group>"; };
		257B019F16684CC9006ACA24 /* LUJSONDeserializer.m */ = {isa = PBXFileReference; fileEncoding = 4; lastKnownFileType = sourcecode.c.objc; path = LUJSONDeserializer.m; sourceTree = "<group>"; };
		257B01C316684D69006ACA24 /* NSDate+StringFormats.h */ = {isa = PBXFileReference; fileEncoding = 4; lastKnownFileType = sourcecode.c.h; path = "NSDate+StringFormats.h"; sourceTree = "<group>"; };
		257B01C416684D69006ACA24 /* NSDate+StringFormats.m */ = {isa = PBXFileReference; fileEncoding = 4; lastKnownFileType = sourcecode.c.objc; path = "NSDate+StringFormats.m"; sourceTree = "<group>"; };
		257B01C516684D69006ACA24 /* NSNumber+Base36.h */ = {isa = PBXFileReference; fileEncoding = 4; lastKnownFileType = sourcecode.c.h; path = "NSNumber+Base36.h"; sourceTree = "<group>"; };
		257B01C616684D69006ACA24 /* NSNumber+Base36.m */ = {isa = PBXFileReference; fileEncoding = 4; lastKnownFileType = sourcecode.c.objc; path = "NSNumber+Base36.m"; sourceTree = "<group>"; };
		257B01C716684D69006ACA24 /* NSString+Escaping.h */ = {isa = PBXFileReference; fileEncoding = 4; lastKnownFileType = sourcecode.c.h; path = "NSString+Escaping.h"; sourceTree = "<group>"; };
		257B01C816684D69006ACA24 /* NSString+Escaping.m */ = {isa = PBXFileReference; fileEncoding = 4; lastKnownFileType = sourcecode.c.objc; path = "NSString+Escaping.m"; sourceTree = "<group>"; };
		257B022016684FE1006ACA24 /* LUQRCodeDecoder.h */ = {isa = PBXFileReference; fileEncoding = 4; lastKnownFileType = sourcecode.c.h; path = LUQRCodeDecoder.h; sourceTree = "<group>"; };
		257B022116684FE1006ACA24 /* LUQRCodeDecoder.m */ = {isa = PBXFileReference; fileEncoding = 4; lastKnownFileType = sourcecode.c.objc; path = LUQRCodeDecoder.m; sourceTree = "<group>"; };
		257B022216684FE1006ACA24 /* LUQRCodeGenerator.h */ = {isa = PBXFileReference; fileEncoding = 4; lastKnownFileType = sourcecode.c.h; path = LUQRCodeGenerator.h; sourceTree = "<group>"; };
		257B022316684FE1006ACA24 /* LUQRCodeGenerator.m */ = {isa = PBXFileReference; fileEncoding = 4; lastKnownFileType = sourcecode.c.objc; path = LUQRCodeGenerator.m; sourceTree = "<group>"; };
		257B022516684FE1006ACA24 /* LUQRCodeScannerView.h */ = {isa = PBXFileReference; fileEncoding = 4; lastKnownFileType = sourcecode.c.h; path = LUQRCodeScannerView.h; sourceTree = "<group>"; };
		257B022616684FE1006ACA24 /* LUQRCodeScannerView.m */ = {isa = PBXFileReference; fileEncoding = 4; lastKnownFileType = sourcecode.c.objc; path = LUQRCodeScannerView.m; sourceTree = "<group>"; };
		257B022716684FE1006ACA24 /* LUQROverlayView.h */ = {isa = PBXFileReference; fileEncoding = 4; lastKnownFileType = sourcecode.c.h; path = LUQROverlayView.h; sourceTree = "<group>"; };
		257B022816684FE1006ACA24 /* LUQROverlayView.m */ = {isa = PBXFileReference; fileEncoding = 4; lastKnownFileType = sourcecode.c.objc; path = LUQROverlayView.m; sourceTree = "<group>"; };
		257B026B166853EA006ACA24 /* UIKit.framework */ = {isa = PBXFileReference; lastKnownFileType = wrapper.framework; name = UIKit.framework; path = System/Library/Frameworks/UIKit.framework; sourceTree = SDKROOT; };
		25AD5E2C167E655400E43701 /* LevelUpSDKTests-Prefix.pch */ = {isa = PBXFileReference; fileEncoding = 4; lastKnownFileType = sourcecode.c.h; path = "LevelUpSDKTests-Prefix.pch"; sourceTree = "<group>"; };
		25AD5E2E167E672A00E43701 /* LUApnDeviceSpec.m */ = {isa = PBXFileReference; fileEncoding = 4; lastKnownFileType = sourcecode.c.objc; path = LUApnDeviceSpec.m; sourceTree = "<group>"; };
		25AD5E2F167E672A00E43701 /* LUBundleSpec.m */ = {isa = PBXFileReference; fileEncoding = 4; lastKnownFileType = sourcecode.c.objc; path = LUBundleSpec.m; sourceTree = "<group>"; };
		25AD5E30167E672A00E43701 /* LUCampaignSpec.m */ = {isa = PBXFileReference; fileEncoding = 4; lastKnownFileType = sourcecode.c.objc; path = LUCampaignSpec.m; sourceTree = "<group>"; };
		25AD5E31167E672A00E43701 /* LUCategorySpec.m */ = {isa = PBXFileReference; fileEncoding = 4; lastKnownFileType = sourcecode.c.objc; path = LUCategorySpec.m; sourceTree = "<group>"; };
		25AD5E32167E672A00E43701 /* LUCauseCategorySpec.m */ = {isa = PBXFileReference; fileEncoding = 4; lastKnownFileType = sourcecode.c.objc; path = LUCauseCategorySpec.m; sourceTree = "<group>"; };
		25AD5E33167E672A00E43701 /* LUCauseSpec.m */ = {isa = PBXFileReference; fileEncoding = 4; lastKnownFileType = sourcecode.c.objc; path = LUCauseSpec.m; sourceTree = "<group>"; };
		25AD5E34167E672A00E43701 /* LUClaimSpec.m */ = {isa = PBXFileReference; fileEncoding = 4; lastKnownFileType = sourcecode.c.objc; path = LUClaimSpec.m; sourceTree = "<group>"; };
		25AD5E35167E672A00E43701 /* LUCohortSpec.m */ = {isa = PBXFileReference; fileEncoding = 4; lastKnownFileType = sourcecode.c.objc; path = LUCohortSpec.m; sourceTree = "<group>"; };
		25AD5E36167E672A00E43701 /* LUCreditCardSpec.m */ = {isa = PBXFileReference; fileEncoding = 4; lastKnownFileType = sourcecode.c.objc; path = LUCreditCardSpec.m; sourceTree = "<group>"; };
		25AD5E37167E672A00E43701 /* LUDivisionSpec.m */ = {isa = PBXFileReference; fileEncoding = 4; lastKnownFileType = sourcecode.c.objc; path = LUDivisionSpec.m; sourceTree = "<group>"; };
		25AD5E38167E672A00E43701 /* LUDonationSpec.m */ = {isa = PBXFileReference; fileEncoding = 4; lastKnownFileType = sourcecode.c.objc; path = LUDonationSpec.m; sourceTree = "<group>"; };
		25AD5E39167E672A00E43701 /* LUInterstitialActionSpec.m */ = {isa = PBXFileReference; fileEncoding = 4; lastKnownFileType = sourcecode.c.objc; path = LUInterstitialActionSpec.m; sourceTree = "<group>"; };
		25AD5E3A167E672A00E43701 /* LULocationSpec.m */ = {isa = PBXFileReference; fileEncoding = 4; lastKnownFileType = sourcecode.c.objc; path = LULocationSpec.m; sourceTree = "<group>"; };
		25AD5E3B167E672A00E43701 /* LULoyaltySpec.m */ = {isa = PBXFileReference; fileEncoding = 4; lastKnownFileType = sourcecode.c.objc; path = LULoyaltySpec.m; sourceTree = "<group>"; };
		25AD5E3C167E672A00E43701 /* LUMerchandiseOrderSpec.m */ = {isa = PBXFileReference; fileEncoding = 4; lastKnownFileType = sourcecode.c.objc; path = LUMerchandiseOrderSpec.m; sourceTree = "<group>"; };
		25AD5E3D167E672A00E43701 /* LUMerchantSpec.m */ = {isa = PBXFileReference; fileEncoding = 4; lastKnownFileType = sourcecode.c.objc; path = LUMerchantSpec.m; sourceTree = "<group>"; };
		25AD5E3E167E672A00E43701 /* LUMonetaryValueSpec.m */ = {isa = PBXFileReference; fileEncoding = 4; lastKnownFileType = sourcecode.c.objc; path = LUMonetaryValueSpec.m; sourceTree = "<group>"; };
		25AD5E3F167E672A00E43701 /* LUOAuthTokenSpec.m */ = {isa = PBXFileReference; fileEncoding = 4; lastKnownFileType = sourcecode.c.objc; path = LUOAuthTokenSpec.m; sourceTree = "<group>"; };
		25AD5E40167E672A00E43701 /* LUOrderSpec.m */ = {isa = PBXFileReference; fileEncoding = 4; lastKnownFileType = sourcecode.c.objc; path = LUOrderSpec.m; sourceTree = "<group>"; };
		25AD5E41167E672A00E43701 /* LUQRCodeSpec.m */ = {isa = PBXFileReference; fileEncoding = 4; lastKnownFileType = sourcecode.c.objc; path = LUQRCodeSpec.m; sourceTree = "<group>"; };
		25AD5E42167E672A00E43701 /* LUTicketSpec.m */ = {isa = PBXFileReference; fileEncoding = 4; lastKnownFileType = sourcecode.c.objc; path = LUTicketSpec.m; sourceTree = "<group>"; };
		25AD5E43167E672A00E43701 /* LUUserAddressSpec.m */ = {isa = PBXFileReference; fileEncoding = 4; lastKnownFileType = sourcecode.c.objc; path = LUUserAddressSpec.m; sourceTree = "<group>"; };
		25AD5E44167E672A00E43701 /* LUUserSpec.m */ = {isa = PBXFileReference; fileEncoding = 4; lastKnownFileType = sourcecode.c.objc; path = LUUserSpec.m; sourceTree = "<group>"; };
		25F643A4166832D600A05C0E /* libLevelUpSDK.a */ = {isa = PBXFileReference; explicitFileType = archive.ar; includeInIndex = 0; path = libLevelUpSDK.a; sourceTree = BUILT_PRODUCTS_DIR; };
		25F643A7166832D600A05C0E /* Foundation.framework */ = {isa = PBXFileReference; lastKnownFileType = wrapper.framework; name = Foundation.framework; path = System/Library/Frameworks/Foundation.framework; sourceTree = SDKROOT; };
		25F643AB166832D600A05C0E /* LevelUpSDK-Prefix.pch */ = {isa = PBXFileReference; lastKnownFileType = sourcecode.c.h; path = "LevelUpSDK-Prefix.pch"; sourceTree = "<group>"; };
		25F643AC166832D600A05C0E /* LevelUpSDK.h */ = {isa = PBXFileReference; lastKnownFileType = sourcecode.c.h; path = LevelUpSDK.h; sourceTree = "<group>"; };
		25F643B5166832D600A05C0E /* LevelUpSDKTests.octest */ = {isa = PBXFileReference; explicitFileType = wrapper.cfbundle; includeInIndex = 0; path = LevelUpSDKTests.octest; sourceTree = BUILT_PRODUCTS_DIR; };
		25F643C0166832D600A05C0E /* LevelUpSDKTests-Info.plist */ = {isa = PBXFileReference; lastKnownFileType = text.plist.xml; path = "LevelUpSDKTests-Info.plist"; sourceTree = "<group>"; };
		25F643C2166832D600A05C0E /* en */ = {isa = PBXFileReference; lastKnownFileType = text.plist.strings; name = en; path = en.lproj/InfoPlist.strings; sourceTree = "<group>"; };
		35969BE4155A4B838F746A8C /* libPods-test.a */ = {isa = PBXFileReference; explicitFileType = archive.ar; includeInIndex = 0; path = "libPods-test.a"; sourceTree = BUILT_PRODUCTS_DIR; };
		F85F87FD16B094A100F3F648 /* NSArray+ObjectAccess.h */ = {isa = PBXFileReference; fileEncoding = 4; lastKnownFileType = sourcecode.c.h; path = "NSArray+ObjectAccess.h"; sourceTree = "<group>"; };
		F85F87FE16B094A100F3F648 /* NSArray+ObjectAccess.m */ = {isa = PBXFileReference; fileEncoding = 4; lastKnownFileType = sourcecode.c.objc; path = "NSArray+ObjectAccess.m"; sourceTree = "<group>"; };
		F8A4F359166F99B6004B696B /* LUBundleRequest.h */ = {isa = PBXFileReference; fileEncoding = 4; lastKnownFileType = sourcecode.c.h; path = LUBundleRequest.h; sourceTree = "<group>"; };
		F8A4F35A166F99B6004B696B /* LUBundleRequest.m */ = {isa = PBXFileReference; fileEncoding = 4; lastKnownFileType = sourcecode.c.objc; path = LUBundleRequest.m; sourceTree = "<group>"; };
		F8A4F35D166F99D1004B696B /* LUBundle.h */ = {isa = PBXFileReference; fileEncoding = 4; lastKnownFileType = sourcecode.c.h; name = LUBundle.h; path = Models/LUBundle.h; sourceTree = "<group>"; };
		F8A4F35E166F99D1004B696B /* LUBundle.m */ = {isa = PBXFileReference; fileEncoding = 4; lastKnownFileType = sourcecode.c.objc; name = LUBundle.m; path = Models/LUBundle.m; sourceTree = "<group>"; };
		F8E319761677908C00D75887 /* LURefund.h */ = {isa = PBXFileReference; fileEncoding = 4; lastKnownFileType = sourcecode.c.h; name = LURefund.h; path = Models/LURefund.h; sourceTree = "<group>"; };
		F8E319771677908C00D75887 /* LURefund.m */ = {isa = PBXFileReference; fileEncoding = 4; lastKnownFileType = sourcecode.c.objc; name = LURefund.m; path = Models/LURefund.m; sourceTree = "<group>"; };
/* End PBXFileReference section */

/* Begin PBXFrameworksBuildPhase section */
		25F643A1166832D600A05C0E /* Frameworks */ = {
			isa = PBXFrameworksBuildPhase;
			buildActionMask = 2147483647;
			files = (
				02941E6516B738AE00EDAF6E /* AVFoundation.framework in Frameworks */,
				02941E6B16B739FE00EDAF6E /* CoreGraphics.framework in Frameworks */,
				02941E6E16B73A2500EDAF6E /* CoreLocation.framework in Frameworks */,
				02941E8016B73B7B00EDAF6E /* CoreMedia.framework in Frameworks */,
				02941E7416B73A9B00EDAF6E /* CoreVideo.framework in Frameworks */,
				25F643A8166832D600A05C0E /* Foundation.framework in Frameworks */,
				02941E7D16B73B5700EDAF6E /* ImageIO.framework in Frameworks */,
				02941E7B16B73B3200EDAF6E /* MobileCoreServices.framework in Frameworks */,
				02941E6816B7391700EDAF6E /* QuartzCore.framework in Frameworks */,
				02941E7116B73A5F00EDAF6E /* Security.framework in Frameworks */,
				02941E7716B73ADB00EDAF6E /* SystemConfiguration.framework in Frameworks */,
				257B026C166853EA006ACA24 /* UIKit.framework in Frameworks */,
				6F444D2F83D549768CF26F9C /* libPods.a in Frameworks */,
			);
			runOnlyForDeploymentPostprocessing = 0;
		};
		25F643B1166832D600A05C0E /* Frameworks */ = {
			isa = PBXFrameworksBuildPhase;
			buildActionMask = 2147483647;
			files = (
				02941E6616B738F300EDAF6E /* AVFoundation.framework in Frameworks */,
				02941E6C16B73A0D00EDAF6E /* CoreGraphics.framework in Frameworks */,
				02941E6F16B73A2E00EDAF6E /* CoreLocation.framework in Frameworks */,
				02941E8116B73B8B00EDAF6E /* CoreMedia.framework in Frameworks */,
				02941E7516B73AA200EDAF6E /* CoreVideo.framework in Frameworks */,
				25F643BA166832D600A05C0E /* Foundation.framework in Frameworks */,
				02941E7E16B73B5F00EDAF6E /* ImageIO.framework in Frameworks */,
				02941E7A16B73B1D00EDAF6E /* MobileCoreServices.framework in Frameworks */,
				02941E6916B7392300EDAF6E /* QuartzCore.framework in Frameworks */,
				02941E7216B73A6B00EDAF6E /* Security.framework in Frameworks */,
				02941E7816B73AF600EDAF6E /* SystemConfiguration.framework in Frameworks */,
				022B288C166E563400679E06 /* UIKit.framework in Frameworks */,
				25F643BD166832D600A05C0E /* libLevelUpSDK.a in Frameworks */,
				45C90162129F4441AD00C796 /* libPods-test.a in Frameworks */,
			);
			runOnlyForDeploymentPostprocessing = 0;
		};
/* End PBXFrameworksBuildPhase section */

/* Begin PBXGroup section */
		022B2854166E518100679E06 /* QRCode Management */ = {
			isa = PBXGroup;
			children = (
				022B2855166E519800679E06 /* LUQRCodeGeneratorSpec.m */,
			);
			name = "QRCode Management";
			sourceTree = "<group>";
		};
		02941F7F16B96CBC00EDAF6E /* Braintree-Encryption */ = {
			isa = PBXGroup;
			children = (
				02941F8116B96CBC00EDAF6E /* BraintreeAES.h */,
				02941F8216B96CBC00EDAF6E /* BraintreeAES.m */,
				02941F8416B96CBC00EDAF6E /* BraintreeEncryption.h */,
				02941F8516B96CBC00EDAF6E /* BraintreeEncryption.m */,
				02941F8716B96CBC00EDAF6E /* BraintreeRandom.h */,
				02941F8816B96CBC00EDAF6E /* BraintreeRandom.m */,
				02941F8916B96CBC00EDAF6E /* BraintreeRSA.h */,
				02941F8A16B96CBC00EDAF6E /* BraintreeRSA.m */,
				02941F8D16B96CBC00EDAF6E /* NSData+Base64.h */,
				02941F8E16B96CBC00EDAF6E /* NSData+Base64.m */,
				02941F8F16B96CBC00EDAF6E /* SecKeyWrapper.h */,
				02941F9016B96CBC00EDAF6E /* SecKeyWrapper.m */,
			);
			name = "Braintree-Encryption";
			path = "Frameworks/Braintree-Encryption/src";
			sourceTree = "<group>";
		};
		257B00D9166838D3006ACA24 /* Models */ = {
			isa = PBXGroup;
			children = (
				257B012216684C5E006ACA24 /* LUApnDevice.h */,
				257B012316684C5E006ACA24 /* LUApnDevice.m */,
				F8A4F35D166F99D1004B696B /* LUBundle.h */,
				F8A4F35E166F99D1004B696B /* LUBundle.m */,
				257B012416684C5E006ACA24 /* LUCampaign.h */,
				257B012516684C5E006ACA24 /* LUCampaign.m */,
				257B012616684C5E006ACA24 /* LUCategory.h */,
				257B012716684C5E006ACA24 /* LUCategory.m */,
				257B012816684C5E006ACA24 /* LUCause.h */,
				257B012916684C5E006ACA24 /* LUCause.m */,
				257B012A16684C5E006ACA24 /* LUCauseCategory.h */,
				257B012B16684C5E006ACA24 /* LUCauseCategory.m */,
				257B012C16684C5E006ACA24 /* LUClaim.h */,
				257B012D16684C5E006ACA24 /* LUClaim.m */,
				257B012E16684C5E006ACA24 /* LUCohort.h */,
				257B012F16684C5E006ACA24 /* LUCohort.m */,
				257B013016684C5E006ACA24 /* LUCreditCard.h */,
				257B013116684C5E006ACA24 /* LUCreditCard.m */,
				257B013216684C5E006ACA24 /* LUDivision.h */,
				257B013316684C5E006ACA24 /* LUDivision.m */,
				257B013416684C5E006ACA24 /* LUDonation.h */,
				257B013516684C5E006ACA24 /* LUDonation.m */,
				257B013616684C5E006ACA24 /* LUInterstitialAction.h */,
				257B013716684C5E006ACA24 /* LUInterstitialAction.m */,
				257B013816684C5E006ACA24 /* LULocation.h */,
				257B013916684C5E006ACA24 /* LULocation.m */,
				257B013A16684C5E006ACA24 /* LULoyalty.h */,
				257B013B16684C5E006ACA24 /* LULoyalty.m */,
				257B013C16684C5E006ACA24 /* LUMerchandiseOrder.h */,
				257B013D16684C5E006ACA24 /* LUMerchandiseOrder.m */,
				257B013E16684C5E006ACA24 /* LUMerchant.h */,
				257B013F16684C5E006ACA24 /* LUMerchant.m */,
				257B014016684C5E006ACA24 /* LUMonetaryValue.h */,
				257B014116684C5E006ACA24 /* LUMonetaryValue.m */,
				257B014216684C5E006ACA24 /* LUOAuthToken.h */,
				257B014316684C5E006ACA24 /* LUOAuthToken.m */,
				257B014416684C5E006ACA24 /* LUOrder.h */,
				257B014516684C5E006ACA24 /* LUOrder.m */,
				257B014616684C5E006ACA24 /* LUQRCode.h */,
				257B014716684C5E006ACA24 /* LUQRCode.m */,
				F8E319761677908C00D75887 /* LURefund.h */,
				F8E319771677908C00D75887 /* LURefund.m */,
				257B014816684C5E006ACA24 /* LUTicket.h */,
				257B014916684C5E006ACA24 /* LUTicket.m */,
				257B014A16684C5E006ACA24 /* LUUser.h */,
				257B014B16684C5E006ACA24 /* LUUser.m */,
				257B014C16684C5E006ACA24 /* LUUserAddress.h */,
				257B014D16684C5E006ACA24 /* LUUserAddress.m */,
			);
			name = Models;
			sourceTree = "<group>";
		};
		257B00E116684756006ACA24 /* Constants */ = {
			isa = PBXGroup;
			children = (
				02B1643416A0A47600052672 /* LUAPIErrorCodes.h */,
				02B1643516A0A47600052672 /* LUAPIErrorCodes.m */,
				257B00E216684756006ACA24 /* LUConstants.h */,
				257B00E316684756006ACA24 /* LUConstants.m */,
			);
			path = Constants;
			sourceTree = "<group>";
		};
		257B00E61668479A006ACA24 /* Utils */ = {
			isa = PBXGroup;
			children = (
				257B00E71668479A006ACA24 /* LUDeviceIdentifier.h */,
				257B00E81668479A006ACA24 /* LUDeviceIdentifier.m */,
			);
			path = Utils;
			sourceTree = "<group>";
		};
		257B017A16684CC9006ACA24 /* API */ = {
			isa = PBXGroup;
			children = (
				257B017B16684CC9006ACA24 /* Client */,
				257B017E16684CC9006ACA24 /* Requests */,
				257B019B16684CC9006ACA24 /* Serialization */,
			);
			path = API;
			sourceTree = "<group>";
		};
		257B017B16684CC9006ACA24 /* Client */ = {
			isa = PBXGroup;
			children = (
				257B017C16684CC9006ACA24 /* LUAPIClient.h */,
				257B017D16684CC9006ACA24 /* LUAPIClient.m */,
			);
			path = Client;
			sourceTree = "<group>";
		};
		257B017E16684CC9006ACA24 /* Requests */ = {
			isa = PBXGroup;
			children = (
				257B017F16684CC9006ACA24 /* LUAPIRequest.h */,
				257B018016684CC9006ACA24 /* LUAPIRequest.m */,
				257B018116684CC9006ACA24 /* LUApnDeviceRequest.h */,
				257B018216684CC9006ACA24 /* LUApnDeviceRequest.m */,
				F8A4F359166F99B6004B696B /* LUBundleRequest.h */,
				F8A4F35A166F99B6004B696B /* LUBundleRequest.m */,
				021DFF4A169F27BB00215926 /* LUCampaignRequest.h */,
				021DFF4B169F27BB00215926 /* LUCampaignRequest.m */,
				257B018316684CC9006ACA24 /* LUCategoryRequest.h */,
				257B018416684CC9006ACA24 /* LUCategoryRequest.m */,
				257B018516684CC9006ACA24 /* LUCauseRequest.h */,
				257B018616684CC9006ACA24 /* LUCauseRequest.m */,
				257B018716684CC9006ACA24 /* LUClaimRequest.h */,
				257B018816684CC9006ACA24 /* LUClaimRequest.m */,
				257B018916684CC9006ACA24 /* LUCohortRequest.h */,
				257B018A16684CC9006ACA24 /* LUCohortRequest.m */,
				257B018B16684CC9006ACA24 /* LUCreditCardRequest.h */,
				257B018C16684CC9006ACA24 /* LUCreditCardRequest.m */,
				257B018D16684CC9006ACA24 /* LUDivisionRequest.h */,
				257B018E16684CC9006ACA24 /* LUDivisionRequest.m */,
				257B018F16684CC9006ACA24 /* LUMerchandiseOrderRequest.h */,
				257B019016684CC9006ACA24 /* LUMerchandiseOrderRequest.m */,
				257B019116684CC9006ACA24 /* LUMerchantRequest.h */,
				257B019216684CC9006ACA24 /* LUMerchantRequest.m */,
				257B019316684CC9006ACA24 /* LUOAuthTokenRequest.h */,
				257B019416684CC9006ACA24 /* LUOAuthTokenRequest.m */,
				257B019516684CC9006ACA24 /* LUOrderRequest.h */,
				257B019616684CC9006ACA24 /* LUOrderRequest.m */,
				257B019716684CC9006ACA24 /* LUTicketRequest.h */,
				257B019816684CC9006ACA24 /* LUTicketRequest.m */,
				257B019916684CC9006ACA24 /* LUUserRequest.h */,
				257B019A16684CC9006ACA24 /* LUUserRequest.m */,
			);
			path = Requests;
			sourceTree = "<group>";
		};
		257B019B16684CC9006ACA24 /* Serialization */ = {
			isa = PBXGroup;
			children = (
				257B019C16684CC9006ACA24 /* LUDictionarySerializer.h */,
				257B019D16684CC9006ACA24 /* LUDictionarySerializer.m */,
				257B019E16684CC9006ACA24 /* LUJSONDeserializer.h */,
				257B019F16684CC9006ACA24 /* LUJSONDeserializer.m */,
			);
			path = Serialization;
			sourceTree = "<group>";
		};
		257B01C216684D69006ACA24 /* Categories */ = {
			isa = PBXGroup;
			children = (
				F85F87FD16B094A100F3F648 /* NSArray+ObjectAccess.h */,
				F85F87FE16B094A100F3F648 /* NSArray+ObjectAccess.m */,
				257B01C316684D69006ACA24 /* NSDate+StringFormats.h */,
				257B01C416684D69006ACA24 /* NSDate+StringFormats.m */,
				257B01C516684D69006ACA24 /* NSNumber+Base36.h */,
				257B01C616684D69006ACA24 /* NSNumber+Base36.m */,
				257B01C716684D69006ACA24 /* NSString+Escaping.h */,
				257B01C816684D69006ACA24 /* NSString+Escaping.m */,
				02ED9BE81688DA5600DFC994 /* NSString+HTMLStripping.h */,
				02ED9BE91688DA5600DFC994 /* NSString+HTMLStripping.m */,
			);
			path = Categories;
			sourceTree = "<group>";
		};
		257B021F16684FE0006ACA24 /* QRCode Management */ = {
			isa = PBXGroup;
			children = (
				257B022016684FE1006ACA24 /* LUQRCodeDecoder.h */,
				257B022116684FE1006ACA24 /* LUQRCodeDecoder.m */,
				257B022216684FE1006ACA24 /* LUQRCodeGenerator.h */,
				257B022316684FE1006ACA24 /* LUQRCodeGenerator.m */,
				257B022416684FE1006ACA24 /* Views */,
			);
			path = "QRCode Management";
			sourceTree = "<group>";
		};
		257B022416684FE1006ACA24 /* Views */ = {
			isa = PBXGroup;
			children = (
				257B022516684FE1006ACA24 /* LUQRCodeScannerView.h */,
				257B022616684FE1006ACA24 /* LUQRCodeScannerView.m */,
				257B022716684FE1006ACA24 /* LUQROverlayView.h */,
				257B022816684FE1006ACA24 /* LUQROverlayView.m */,
			);
			path = Views;
			sourceTree = "<group>";
		};
		25AD5E2D167E672A00E43701 /* Models */ = {
			isa = PBXGroup;
			children = (
				25AD5E2E167E672A00E43701 /* LUApnDeviceSpec.m */,
				25AD5E2F167E672A00E43701 /* LUBundleSpec.m */,
				25AD5E30167E672A00E43701 /* LUCampaignSpec.m */,
				25AD5E31167E672A00E43701 /* LUCategorySpec.m */,
				25AD5E32167E672A00E43701 /* LUCauseCategorySpec.m */,
				25AD5E33167E672A00E43701 /* LUCauseSpec.m */,
				25AD5E34167E672A00E43701 /* LUClaimSpec.m */,
				25AD5E35167E672A00E43701 /* LUCohortSpec.m */,
				25AD5E36167E672A00E43701 /* LUCreditCardSpec.m */,
				25AD5E37167E672A00E43701 /* LUDivisionSpec.m */,
				25AD5E38167E672A00E43701 /* LUDonationSpec.m */,
				25AD5E39167E672A00E43701 /* LUInterstitialActionSpec.m */,
				25AD5E3A167E672A00E43701 /* LULocationSpec.m */,
				25AD5E3B167E672A00E43701 /* LULoyaltySpec.m */,
				25AD5E3C167E672A00E43701 /* LUMerchandiseOrderSpec.m */,
				25AD5E3D167E672A00E43701 /* LUMerchantSpec.m */,
				25AD5E3E167E672A00E43701 /* LUMonetaryValueSpec.m */,
				25AD5E3F167E672A00E43701 /* LUOAuthTokenSpec.m */,
				25AD5E40167E672A00E43701 /* LUOrderSpec.m */,
				25AD5E41167E672A00E43701 /* LUQRCodeSpec.m */,
				25AD5E42167E672A00E43701 /* LUTicketSpec.m */,
				25AD5E43167E672A00E43701 /* LUUserAddressSpec.m */,
				25AD5E44167E672A00E43701 /* LUUserSpec.m */,
			);
			path = Models;
			sourceTree = "<group>";
		};
		25F64399166832D600A05C0E = {
			isa = PBXGroup;
			children = (
				25F643A9166832D600A05C0E /* LevelUpSDK */,
				25F643BE166832D600A05C0E /* LevelUpSDKTests */,
				25F643A6166832D600A05C0E /* Frameworks */,
				25F643A5166832D600A05C0E /* Products */,
				05C538A8A6814C6E82461EB1 /* Pods.xcconfig */,
				1A87B155A51E46E5AA3C0B28 /* Pods-test.xcconfig */,
			);
			indentWidth = 2;
			sourceTree = "<group>";
			tabWidth = 2;
			usesTabs = 0;
		};
		25F643A5166832D600A05C0E /* Products */ = {
			isa = PBXGroup;
			children = (
				25F643A4166832D600A05C0E /* libLevelUpSDK.a */,
				25F643B5166832D600A05C0E /* LevelUpSDKTests.octest */,
			);
			name = Products;
			sourceTree = "<group>";
		};
		25F643A6166832D600A05C0E /* Frameworks */ = {
			isa = PBXGroup;
			children = (
				02941F7F16B96CBC00EDAF6E /* Braintree-Encryption */,
				02941E6416B738AE00EDAF6E /* AVFoundation.framework */,
				02941E6A16B739FE00EDAF6E /* CoreGraphics.framework */,
				02941E6D16B73A2500EDAF6E /* CoreLocation.framework */,
				02941E7F16B73B7B00EDAF6E /* CoreMedia.framework */,
				02941E7316B73A9B00EDAF6E /* CoreVideo.framework */,
				25F643A7166832D600A05C0E /* Foundation.framework */,
				02941E7916B73B1D00EDAF6E /* MobileCoreServices.framework */,
				02941E7C16B73B5700EDAF6E /* ImageIO.framework */,
				02941E6716B7391700EDAF6E /* QuartzCore.framework */,
				02941E7016B73A5F00EDAF6E /* Security.framework */,
				02941E7616B73ADB00EDAF6E /* SystemConfiguration.framework */,
				257B026B166853EA006ACA24 /* UIKit.framework */,
				1A39890392E641DAA8438DC9 /* libPods.a */,
				35969BE4155A4B838F746A8C /* libPods-test.a */,
			);
			name = Frameworks;
			sourceTree = "<group>";
		};
		25F643A9166832D600A05C0E /* LevelUpSDK */ = {
			isa = PBXGroup;
			children = (
				257B017A16684CC9006ACA24 /* API */,
				257B01C216684D69006ACA24 /* Categories */,
				257B00E116684756006ACA24 /* Constants */,
				257B00D9166838D3006ACA24 /* Models */,
				25F643AC166832D600A05C0E /* LevelUpSDK.h */,
				257B021F16684FE0006ACA24 /* QRCode Management */,
				25F643AA166832D600A05C0E /* Supporting Files */,
				257B00E61668479A006ACA24 /* Utils */,
			);
			path = LevelUpSDK;
			sourceTree = "<group>";
		};
		25F643AA166832D600A05C0E /* Supporting Files */ = {
			isa = PBXGroup;
			children = (
				25F643AB166832D600A05C0E /* LevelUpSDK-Prefix.pch */,
			);
			name = "Supporting Files";
			sourceTree = "<group>";
		};
		25F643BE166832D600A05C0E /* LevelUpSDKTests */ = {
			isa = PBXGroup;
			children = (
				25AD5E2D167E672A00E43701 /* Models */,
				022B2854166E518100679E06 /* QRCode Management */,
				25F643BF166832D600A05C0E /* Supporting Files */,
			);
			path = LevelUpSDKTests;
			sourceTree = "<group>";
		};
		25F643BF166832D600A05C0E /* Supporting Files */ = {
			isa = PBXGroup;
			children = (
				25F643C0166832D600A05C0E /* LevelUpSDKTests-Info.plist */,
				25AD5E2C167E655400E43701 /* LevelUpSDKTests-Prefix.pch */,
				25F643C1166832D600A05C0E /* InfoPlist.strings */,
			);
			name = "Supporting Files";
			sourceTree = "<group>";
		};
/* End PBXGroup section */

/* Begin PBXHeadersBuildPhase section */
		257B00D21668362C006ACA24 /* Headers */ = {
			isa = PBXHeadersBuildPhase;
			buildActionMask = 2147483647;
			files = (
				257B00D31668363A006ACA24 /* LevelUpSDK.h in Headers */,
				257B00E416684756006ACA24 /* LUConstants.h in Headers */,
				257B00EB1668479A006ACA24 /* LUDeviceIdentifier.h in Headers */,
				257B014E16684C5E006ACA24 /* LUApnDevice.h in Headers */,
				257B015016684C5E006ACA24 /* LUCampaign.h in Headers */,
				257B015216684C5E006ACA24 /* LUCategory.h in Headers */,
				257B015416684C5E006ACA24 /* LUCause.h in Headers */,
				257B015616684C5E006ACA24 /* LUCauseCategory.h in Headers */,
				257B015816684C5E006ACA24 /* LUClaim.h in Headers */,
				257B015A16684C5E006ACA24 /* LUCohort.h in Headers */,
				257B015C16684C5E006ACA24 /* LUCreditCard.h in Headers */,
				257B015E16684C5E006ACA24 /* LUDivision.h in Headers */,
				257B016016684C5E006ACA24 /* LUDonation.h in Headers */,
				257B016216684C5E006ACA24 /* LUInterstitialAction.h in Headers */,
				257B016416684C5E006ACA24 /* LULocation.h in Headers */,
				257B016616684C5E006ACA24 /* LULoyalty.h in Headers */,
				257B016816684C5E006ACA24 /* LUMerchandiseOrder.h in Headers */,
				257B016A16684C5E006ACA24 /* LUMerchant.h in Headers */,
				257B016C16684C5E006ACA24 /* LUMonetaryValue.h in Headers */,
				257B016E16684C5E006ACA24 /* LUOAuthToken.h in Headers */,
				257B017016684C5E006ACA24 /* LUOrder.h in Headers */,
				257B017216684C5E006ACA24 /* LUQRCode.h in Headers */,
				257B017416684C5E006ACA24 /* LUTicket.h in Headers */,
				257B017616684C5E006ACA24 /* LUUser.h in Headers */,
				257B017816684C5E006ACA24 /* LUUserAddress.h in Headers */,
				257B01A016684CC9006ACA24 /* LUAPIClient.h in Headers */,
				257B01A216684CC9006ACA24 /* LUAPIRequest.h in Headers */,
				257B01A416684CC9006ACA24 /* LUApnDeviceRequest.h in Headers */,
				257B01A616684CC9006ACA24 /* LUCategoryRequest.h in Headers */,
				257B01A816684CC9006ACA24 /* LUCauseRequest.h in Headers */,
				257B01AA16684CC9006ACA24 /* LUClaimRequest.h in Headers */,
				257B01AC16684CC9006ACA24 /* LUCohortRequest.h in Headers */,
				257B01AE16684CC9006ACA24 /* LUCreditCardRequest.h in Headers */,
				257B01B016684CC9006ACA24 /* LUDivisionRequest.h in Headers */,
				257B01B216684CC9006ACA24 /* LUMerchandiseOrderRequest.h in Headers */,
				257B01B416684CC9006ACA24 /* LUMerchantRequest.h in Headers */,
				257B01B616684CC9006ACA24 /* LUOAuthTokenRequest.h in Headers */,
				257B01B816684CC9006ACA24 /* LUOrderRequest.h in Headers */,
				257B01BA16684CC9006ACA24 /* LUTicketRequest.h in Headers */,
				257B01BC16684CC9006ACA24 /* LUUserRequest.h in Headers */,
				257B01BE16684CC9006ACA24 /* LUDictionarySerializer.h in Headers */,
				257B01C016684CC9006ACA24 /* LUJSONDeserializer.h in Headers */,
				257B01C916684D69006ACA24 /* NSDate+StringFormats.h in Headers */,
				257B01CB16684D69006ACA24 /* NSNumber+Base36.h in Headers */,
				257B01CD16684D69006ACA24 /* NSString+Escaping.h in Headers */,
				257B022916684FE1006ACA24 /* LUQRCodeDecoder.h in Headers */,
				257B022B16684FE1006ACA24 /* LUQRCodeGenerator.h in Headers */,
				257B022D16684FE1006ACA24 /* LUQRCodeScannerView.h in Headers */,
				257B022F16684FE1006ACA24 /* LUQROverlayView.h in Headers */,
				F8A4F35B166F99B6004B696B /* LUBundleRequest.h in Headers */,
				F8A4F35F166F99D1004B696B /* LUBundle.h in Headers */,
				F8E319781677908C00D75887 /* LURefund.h in Headers */,
				02ED9BEA1688DA5600DFC994 /* NSString+HTMLStripping.h in Headers */,
				021DFF4C169F27BB00215926 /* LUCampaignRequest.h in Headers */,
				02B1643616A0A47600052672 /* LUAPIErrorCodes.h in Headers */,
				F85F87FF16B094A100F3F648 /* NSArray+ObjectAccess.h in Headers */,
				02941FA316B96CBC00EDAF6E /* BraintreeAES.h in Headers */,
				02941FA616B96CBC00EDAF6E /* BraintreeEncryption.h in Headers */,
				02941FA916B96CBC00EDAF6E /* BraintreeRandom.h in Headers */,
				02941FAB16B96CBC00EDAF6E /* BraintreeRSA.h in Headers */,
				02941FAD16B96CBC00EDAF6E /* NSData+Base64.h in Headers */,
				02941FAF16B96CBC00EDAF6E /* SecKeyWrapper.h in Headers */,
			);
			runOnlyForDeploymentPostprocessing = 0;
		};
/* End PBXHeadersBuildPhase section */

/* Begin PBXNativeTarget section */
		25F643A3166832D600A05C0E /* LevelUpSDK */ = {
			isa = PBXNativeTarget;
			buildConfigurationList = 25F643C9166832D600A05C0E /* Build configuration list for PBXNativeTarget "LevelUpSDK" */;
			buildPhases = (
				25F643A0166832D600A05C0E /* Sources */,
				25F643A1166832D600A05C0E /* Frameworks */,
				257B00D21668362C006ACA24 /* Headers */,
				0370D3ED1B994A5CA2E4E509 /* Copy Pods Resources */,
			);
			buildRules = (
			);
			dependencies = (
			);
			name = LevelUpSDK;
			productName = LevelUpSDK;
			productReference = 25F643A4166832D600A05C0E /* libLevelUpSDK.a */;
			productType = "com.apple.product-type.library.static";
		};
		25F643B4166832D600A05C0E /* LevelUpSDKTests */ = {
			isa = PBXNativeTarget;
			buildConfigurationList = 25F643CC166832D600A05C0E /* Build configuration list for PBXNativeTarget "LevelUpSDKTests" */;
			buildPhases = (
				25F643B0166832D600A05C0E /* Sources */,
				25F643B1166832D600A05C0E /* Frameworks */,
				25F643B2166832D600A05C0E /* Resources */,
				55A9394A540648818E3AE22B /* Copy Pods Resources */,
				25F643B3166832D600A05C0E /* ShellScript */,
			);
			buildRules = (
			);
			dependencies = (
				02941E6316B734C300EDAF6E /* PBXTargetDependency */,
			);
			name = LevelUpSDKTests;
			productName = LevelUpSDKTests;
			productReference = 25F643B5166832D600A05C0E /* LevelUpSDKTests.octest */;
			productType = "com.apple.product-type.bundle";
		};
/* End PBXNativeTarget section */

/* Begin PBXProject section */
		25F6439B166832D600A05C0E /* Project object */ = {
			isa = PBXProject;
			attributes = {
				LastUpgradeCheck = 0450;
				ORGANIZATIONNAME = SCVNGR;
			};
			buildConfigurationList = 25F6439E166832D600A05C0E /* Build configuration list for PBXProject "LevelUpSDK" */;
			compatibilityVersion = "Xcode 3.2";
			developmentRegion = English;
			hasScannedForEncodings = 0;
			knownRegions = (
				en,
			);
			mainGroup = 25F64399166832D600A05C0E;
			productRefGroup = 25F643A5166832D600A05C0E /* Products */;
			projectDirPath = "";
			projectRoot = "";
			targets = (
				25F643A3166832D600A05C0E /* LevelUpSDK */,
				25F643B4166832D600A05C0E /* LevelUpSDKTests */,
			);
		};
/* End PBXProject section */

/* Begin PBXResourcesBuildPhase section */
		25F643B2166832D600A05C0E /* Resources */ = {
			isa = PBXResourcesBuildPhase;
			buildActionMask = 2147483647;
			files = (
				25F643C3166832D600A05C0E /* InfoPlist.strings in Resources */,
			);
			runOnlyForDeploymentPostprocessing = 0;
		};
/* End PBXResourcesBuildPhase section */

/* Begin PBXShellScriptBuildPhase section */
		0370D3ED1B994A5CA2E4E509 /* Copy Pods Resources */ = {
			isa = PBXShellScriptBuildPhase;
			buildActionMask = 2147483647;
			files = (
			);
			inputPaths = (
			);
			name = "Copy Pods Resources";
			outputPaths = (
			);
			runOnlyForDeploymentPostprocessing = 0;
			shellPath = /bin/sh;
			shellScript = "\"${SRCROOT}/Pods/Pods-resources.sh\"\n";
		};
		25F643B3166832D600A05C0E /* ShellScript */ = {
			isa = PBXShellScriptBuildPhase;
			buildActionMask = 2147483647;
			files = (
			);
			inputPaths = (
			);
			outputPaths = (
			);
			runOnlyForDeploymentPostprocessing = 0;
			shellPath = /bin/sh;
			shellScript = "# Run the unit tests in this test bundle.\n\"${SYSTEM_DEVELOPER_DIR}/Tools/RunUnitTests\"\n";
		};
		55A9394A540648818E3AE22B /* Copy Pods Resources */ = {
			isa = PBXShellScriptBuildPhase;
			buildActionMask = 2147483647;
			files = (
			);
			inputPaths = (
			);
			name = "Copy Pods Resources";
			outputPaths = (
			);
			runOnlyForDeploymentPostprocessing = 0;
			shellPath = /bin/sh;
			shellScript = "\"${SRCROOT}/Pods/Pods-test-resources.sh\"\n";
		};
/* End PBXShellScriptBuildPhase section */

/* Begin PBXSourcesBuildPhase section */
		25F643A0166832D600A05C0E /* Sources */ = {
			isa = PBXSourcesBuildPhase;
			buildActionMask = 2147483647;
			files = (
				257B00E516684756006ACA24 /* LUConstants.m in Sources */,
				257B00EC1668479A006ACA24 /* LUDeviceIdentifier.m in Sources */,
				257B014F16684C5E006ACA24 /* LUApnDevice.m in Sources */,
				257B015116684C5E006ACA24 /* LUCampaign.m in Sources */,
				257B015316684C5E006ACA24 /* LUCategory.m in Sources */,
				257B015516684C5E006ACA24 /* LUCause.m in Sources */,
				257B015716684C5E006ACA24 /* LUCauseCategory.m in Sources */,
				257B015916684C5E006ACA24 /* LUClaim.m in Sources */,
				257B015B16684C5E006ACA24 /* LUCohort.m in Sources */,
				257B015D16684C5E006ACA24 /* LUCreditCard.m in Sources */,
				257B015F16684C5E006ACA24 /* LUDivision.m in Sources */,
				257B016116684C5E006ACA24 /* LUDonation.m in Sources */,
				257B016316684C5E006ACA24 /* LUInterstitialAction.m in Sources */,
				257B016516684C5E006ACA24 /* LULocation.m in Sources */,
				257B016716684C5E006ACA24 /* LULoyalty.m in Sources */,
				257B016916684C5E006ACA24 /* LUMerchandiseOrder.m in Sources */,
				257B016B16684C5E006ACA24 /* LUMerchant.m in Sources */,
				257B016D16684C5E006ACA24 /* LUMonetaryValue.m in Sources */,
				257B016F16684C5E006ACA24 /* LUOAuthToken.m in Sources */,
				257B017116684C5E006ACA24 /* LUOrder.m in Sources */,
				257B017316684C5E006ACA24 /* LUQRCode.m in Sources */,
				257B017516684C5E006ACA24 /* LUTicket.m in Sources */,
				257B017716684C5E006ACA24 /* LUUser.m in Sources */,
				257B017916684C5E006ACA24 /* LUUserAddress.m in Sources */,
				257B01A116684CC9006ACA24 /* LUAPIClient.m in Sources */,
				257B01A316684CC9006ACA24 /* LUAPIRequest.m in Sources */,
				257B01A516684CC9006ACA24 /* LUApnDeviceRequest.m in Sources */,
				257B01A716684CC9006ACA24 /* LUCategoryRequest.m in Sources */,
				257B01A916684CC9006ACA24 /* LUCauseRequest.m in Sources */,
				257B01AB16684CC9006ACA24 /* LUClaimRequest.m in Sources */,
				257B01AD16684CC9006ACA24 /* LUCohortRequest.m in Sources */,
				257B01AF16684CC9006ACA24 /* LUCreditCardRequest.m in Sources */,
				257B01B116684CC9006ACA24 /* LUDivisionRequest.m in Sources */,
				257B01B316684CC9006ACA24 /* LUMerchandiseOrderRequest.m in Sources */,
				257B01B516684CC9006ACA24 /* LUMerchantRequest.m in Sources */,
				257B01B716684CC9006ACA24 /* LUOAuthTokenRequest.m in Sources */,
				257B01B916684CC9006ACA24 /* LUOrderRequest.m in Sources */,
				257B01BB16684CC9006ACA24 /* LUTicketRequest.m in Sources */,
				257B01BD16684CC9006ACA24 /* LUUserRequest.m in Sources */,
				257B01BF16684CC9006ACA24 /* LUDictionarySerializer.m in Sources */,
				257B01C116684CC9006ACA24 /* LUJSONDeserializer.m in Sources */,
				257B01CA16684D69006ACA24 /* NSDate+StringFormats.m in Sources */,
				257B01CC16684D69006ACA24 /* NSNumber+Base36.m in Sources */,
				257B01CE16684D69006ACA24 /* NSString+Escaping.m in Sources */,
				257B022A16684FE1006ACA24 /* LUQRCodeDecoder.m in Sources */,
				257B022C16684FE1006ACA24 /* LUQRCodeGenerator.m in Sources */,
				257B022E16684FE1006ACA24 /* LUQRCodeScannerView.m in Sources */,
				257B023016684FE1006ACA24 /* LUQROverlayView.m in Sources */,
				F8A4F35C166F99B6004B696B /* LUBundleRequest.m in Sources */,
				F8A4F360166F99D1004B696B /* LUBundle.m in Sources */,
				F8E319791677908C00D75887 /* LURefund.m in Sources */,
				02ED9BEB1688DA5600DFC994 /* NSString+HTMLStripping.m in Sources */,
				021DFF4D169F27BB00215926 /* LUCampaignRequest.m in Sources */,
				02B1643716A0A47600052672 /* LUAPIErrorCodes.m in Sources */,
				F85F880016B094A100F3F648 /* NSArray+ObjectAccess.m in Sources */,
				02941FA416B96CBC00EDAF6E /* BraintreeAES.m in Sources */,
				02941FA716B96CBC00EDAF6E /* BraintreeEncryption.m in Sources */,
				02941FAA16B96CBC00EDAF6E /* BraintreeRandom.m in Sources */,
				02941FAC16B96CBC00EDAF6E /* BraintreeRSA.m in Sources */,
				02941FAE16B96CBC00EDAF6E /* NSData+Base64.m in Sources */,
				02941FB016B96CBC00EDAF6E /* SecKeyWrapper.m in Sources */,
			);
			runOnlyForDeploymentPostprocessing = 0;
		};
		25F643B0166832D600A05C0E /* Sources */ = {
			isa = PBXSourcesBuildPhase;
			buildActionMask = 2147483647;
			files = (
				022B2856166E519800679E06 /* LUQRCodeGeneratorSpec.m in Sources */,
				25AD5E45167E672A00E43701 /* LUApnDeviceSpec.m in Sources */,
				25AD5E46167E672A00E43701 /* LUBundleSpec.m in Sources */,
				25AD5E47167E672A00E43701 /* LUCampaignSpec.m in Sources */,
				25AD5E48167E672A00E43701 /* LUCategorySpec.m in Sources */,
				25AD5E49167E672A00E43701 /* LUCauseCategorySpec.m in Sources */,
				25AD5E4A167E672A00E43701 /* LUCauseSpec.m in Sources */,
				25AD5E4B167E672A00E43701 /* LUClaimSpec.m in Sources */,
				25AD5E4C167E672A00E43701 /* LUCohortSpec.m in Sources */,
				25AD5E4D167E672A00E43701 /* LUCreditCardSpec.m in Sources */,
				25AD5E4E167E672A00E43701 /* LUDivisionSpec.m in Sources */,
				25AD5E4F167E672A00E43701 /* LUDonationSpec.m in Sources */,
				25AD5E50167E672A00E43701 /* LUInterstitialActionSpec.m in Sources */,
				25AD5E51167E672A00E43701 /* LULocationSpec.m in Sources */,
				25AD5E52167E672A00E43701 /* LULoyaltySpec.m in Sources */,
				25AD5E53167E672A00E43701 /* LUMerchandiseOrderSpec.m in Sources */,
				25AD5E54167E672A00E43701 /* LUMerchantSpec.m in Sources */,
				25AD5E55167E672A00E43701 /* LUMonetaryValueSpec.m in Sources */,
				25AD5E56167E672A00E43701 /* LUOAuthTokenSpec.m in Sources */,
				25AD5E57167E672A00E43701 /* LUOrderSpec.m in Sources */,
				25AD5E58167E672A00E43701 /* LUQRCodeSpec.m in Sources */,
				25AD5E59167E672A00E43701 /* LUTicketSpec.m in Sources */,
				25AD5E5A167E672A00E43701 /* LUUserAddressSpec.m in Sources */,
				25AD5E5B167E672A00E43701 /* LUUserSpec.m in Sources */,
			);
			runOnlyForDeploymentPostprocessing = 0;
		};
/* End PBXSourcesBuildPhase section */

/* Begin PBXTargetDependency section */
		02941E6316B734C300EDAF6E /* PBXTargetDependency */ = {
			isa = PBXTargetDependency;
			target = 25F643A3166832D600A05C0E /* LevelUpSDK */;
			targetProxy = 02941E6216B734C300EDAF6E /* PBXContainerItemProxy */;
		};
/* End PBXTargetDependency section */

/* Begin PBXVariantGroup section */
		25F643C1166832D600A05C0E /* InfoPlist.strings */ = {
			isa = PBXVariantGroup;
			children = (
				25F643C2166832D600A05C0E /* en */,
			);
			name = InfoPlist.strings;
			sourceTree = "<group>";
		};
/* End PBXVariantGroup section */

/* Begin XCBuildConfiguration section */
		02AF33F316725146003B9255 /* Distribution */ = {
			isa = XCBuildConfiguration;
			buildSettings = {
				ALWAYS_SEARCH_USER_PATHS = NO;
				CLANG_CXX_LANGUAGE_STANDARD = "gnu++0x";
				CLANG_CXX_LIBRARY = "libc++";
				CLANG_ENABLE_OBJC_ARC = YES;
				CLANG_WARN_EMPTY_BODY = YES;
				CLANG_WARN__DUPLICATE_METHOD_MATCH = YES;
				COPY_PHASE_STRIP = YES;
				FRAMEWORK_VERSION = 0.5.0;
				GCC_C_LANGUAGE_STANDARD = gnu99;
				GCC_PREPROCESSOR_DEFINITIONS = (
					"RELEASE=1",
					"$(inherited)",
				);
				GCC_WARN_ABOUT_RETURN_TYPE = YES;
				GCC_WARN_UNINITIALIZED_AUTOS = YES;
				GCC_WARN_UNUSED_VARIABLE = YES;
				IPHONEOS_DEPLOYMENT_TARGET = 6.0;
				ONLY_ACTIVE_ARCH = NO;
				SDKROOT = iphoneos;
				VALIDATE_PRODUCT = YES;
			};
			name = Distribution;
		};
		02AF33F416725146003B9255 /* Distribution */ = {
			isa = XCBuildConfiguration;
			baseConfigurationReference = 05C538A8A6814C6E82461EB1 /* Pods.xcconfig */;
			buildSettings = {
				COPY_PHASE_STRIP = NO;
				DEAD_CODE_STRIPPING = NO;
				DSTROOT = /tmp/LevelUpSDK.dst;
				GCC_PRECOMPILE_PREFIX_HEADER = YES;
				GCC_PREFIX_HEADER = "LevelUpSDK/LevelUpSDK-Prefix.pch";
				IPHONEOS_DEPLOYMENT_TARGET = 5.0;
				PRODUCT_NAME = "$(TARGET_NAME)";
				PUBLIC_HEADERS_FOLDER_PATH = "$(PROJECT_NAME)Headers";
				SKIP_INSTALL = YES;
				STRIP_STYLE = "non-global";
			};
			name = Distribution;
		};
		02AF33F516725146003B9255 /* Distribution */ = {
			isa = XCBuildConfiguration;
			baseConfigurationReference = 1A87B155A51E46E5AA3C0B28 /* Pods-test.xcconfig */;
			buildSettings = {
				GCC_PRECOMPILE_PREFIX_HEADER = YES;
				GCC_PREFIX_HEADER = "LevelUpSDK/LevelUpSDK-Prefix.pch";
				INFOPLIST_FILE = "LevelUpSDKTests/LevelUpSDKTests-Info.plist";
				PRODUCT_NAME = "$(TARGET_NAME)";
				TEST_HOST = "$(BUNDLE_LOADER)";
				WRAPPER_EXTENSION = octest;
			};
			name = Distribution;
		};
		25F643C7166832D600A05C0E /* Debug */ = {
			isa = XCBuildConfiguration;
			buildSettings = {
				ALWAYS_SEARCH_USER_PATHS = NO;
				CLANG_CXX_LANGUAGE_STANDARD = "gnu++0x";
				CLANG_CXX_LIBRARY = "libc++";
				CLANG_ENABLE_OBJC_ARC = YES;
				CLANG_WARN_EMPTY_BODY = YES;
				CLANG_WARN__DUPLICATE_METHOD_MATCH = YES;
				COPY_PHASE_STRIP = NO;
				FRAMEWORK_VERSION = 0.5.0;
				GCC_C_LANGUAGE_STANDARD = gnu99;
				GCC_DYNAMIC_NO_PIC = NO;
				GCC_OPTIMIZATION_LEVEL = 0;
				GCC_PREPROCESSOR_DEFINITIONS = (
					"DEBUG=1",
					"$(inherited)",
				);
				GCC_SYMBOLS_PRIVATE_EXTERN = NO;
				GCC_WARN_ABOUT_RETURN_TYPE = YES;
				GCC_WARN_UNINITIALIZED_AUTOS = YES;
				GCC_WARN_UNUSED_VARIABLE = YES;
				IPHONEOS_DEPLOYMENT_TARGET = 6.0;
				ONLY_ACTIVE_ARCH = NO;
				SDKROOT = iphoneos;
			};
			name = Debug;
		};
		25F643C8166832D600A05C0E /* Release */ = {
			isa = XCBuildConfiguration;
			buildSettings = {
				ALWAYS_SEARCH_USER_PATHS = NO;
				CLANG_CXX_LANGUAGE_STANDARD = "gnu++0x";
				CLANG_CXX_LIBRARY = "libc++";
				CLANG_ENABLE_OBJC_ARC = YES;
				CLANG_WARN_EMPTY_BODY = YES;
				CLANG_WARN__DUPLICATE_METHOD_MATCH = YES;
				COPY_PHASE_STRIP = YES;
				FRAMEWORK_VERSION = 0.5.0;
				GCC_C_LANGUAGE_STANDARD = gnu99;
				GCC_PREPROCESSOR_DEFINITIONS = (
					"RELEASE=1",
					"$(inherited)",
				);
				GCC_WARN_ABOUT_RETURN_TYPE = YES;
				GCC_WARN_UNINITIALIZED_AUTOS = YES;
				GCC_WARN_UNUSED_VARIABLE = YES;
				IPHONEOS_DEPLOYMENT_TARGET = 6.0;
				ONLY_ACTIVE_ARCH = NO;
				SDKROOT = iphoneos;
				VALIDATE_PRODUCT = YES;
			};
			name = Release;
		};
		25F643CA166832D600A05C0E /* Debug */ = {
			isa = XCBuildConfiguration;
			baseConfigurationReference = 05C538A8A6814C6E82461EB1 /* Pods.xcconfig */;
			buildSettings = {
				COPY_PHASE_STRIP = NO;
				DEAD_CODE_STRIPPING = NO;
				DSTROOT = /tmp/LevelUpSDK.dst;
				GCC_PRECOMPILE_PREFIX_HEADER = YES;
				GCC_PREFIX_HEADER = "LevelUpSDK/LevelUpSDK-Prefix.pch";
				IPHONEOS_DEPLOYMENT_TARGET = 5.0;
				PRODUCT_NAME = "$(TARGET_NAME)";
				PUBLIC_HEADERS_FOLDER_PATH = "$(PROJECT_NAME)Headers";
				SKIP_INSTALL = YES;
				STRIP_STYLE = "non-global";
			};
			name = Debug;
		};
		25F643CB166832D600A05C0E /* Release */ = {
			isa = XCBuildConfiguration;
			baseConfigurationReference = 05C538A8A6814C6E82461EB1 /* Pods.xcconfig */;
			buildSettings = {
				COPY_PHASE_STRIP = NO;
				DEAD_CODE_STRIPPING = NO;
				DSTROOT = /tmp/LevelUpSDK.dst;
				GCC_PRECOMPILE_PREFIX_HEADER = YES;
				GCC_PREFIX_HEADER = "LevelUpSDK/LevelUpSDK-Prefix.pch";
				IPHONEOS_DEPLOYMENT_TARGET = 5.0;
				PRODUCT_NAME = "$(TARGET_NAME)";
				PUBLIC_HEADERS_FOLDER_PATH = "$(PROJECT_NAME)Headers";
				SKIP_INSTALL = YES;
				STRIP_STYLE = "non-global";
			};
			name = Release;
		};
		25F643CD166832D600A05C0E /* Debug */ = {
			isa = XCBuildConfiguration;
			baseConfigurationReference = 1A87B155A51E46E5AA3C0B28 /* Pods-test.xcconfig */;
			buildSettings = {
				GCC_PRECOMPILE_PREFIX_HEADER = YES;
				GCC_PREFIX_HEADER = "LevelUpSDKTests/LevelUpSDKTests-Prefix.pch";
				INFOPLIST_FILE = "LevelUpSDKTests/LevelUpSDKTests-Info.plist";
				PRODUCT_NAME = "$(TARGET_NAME)";
				TEST_HOST = "$(BUNDLE_LOADER)";
				WRAPPER_EXTENSION = octest;
			};
			name = Debug;
		};
		25F643CE166832D600A05C0E /* Release */ = {
			isa = XCBuildConfiguration;
			baseConfigurationReference = 1A87B155A51E46E5AA3C0B28 /* Pods-test.xcconfig */;
			buildSettings = {
				GCC_PRECOMPILE_PREFIX_HEADER = YES;
				GCC_PREFIX_HEADER = "LevelUpSDKTests/LevelUpSDKTests-Prefix.pch";
				INFOPLIST_FILE = "LevelUpSDKTests/LevelUpSDKTests-Info.plist";
				PRODUCT_NAME = "$(TARGET_NAME)";
				TEST_HOST = "$(BUNDLE_LOADER)";
				WRAPPER_EXTENSION = octest;
			};
			name = Release;
		};
/* End XCBuildConfiguration section */

/* Begin XCConfigurationList section */
		25F6439E166832D600A05C0E /* Build configuration list for PBXProject "LevelUpSDK" */ = {
			isa = XCConfigurationList;
			buildConfigurations = (
				25F643C7166832D600A05C0E /* Debug */,
				25F643C8166832D600A05C0E /* Release */,
				02AF33F316725146003B9255 /* Distribution */,
			);
			defaultConfigurationIsVisible = 0;
			defaultConfigurationName = Release;
		};
		25F643C9166832D600A05C0E /* Build configuration list for PBXNativeTarget "LevelUpSDK" */ = {
			isa = XCConfigurationList;
			buildConfigurations = (
				25F643CA166832D600A05C0E /* Debug */,
				25F643CB166832D600A05C0E /* Release */,
				02AF33F416725146003B9255 /* Distribution */,
			);
			defaultConfigurationIsVisible = 0;
			defaultConfigurationName = Release;
		};
		25F643CC166832D600A05C0E /* Build configuration list for PBXNativeTarget "LevelUpSDKTests" */ = {
			isa = XCConfigurationList;
			buildConfigurations = (
				25F643CD166832D600A05C0E /* Debug */,
				25F643CE166832D600A05C0E /* Release */,
				02AF33F516725146003B9255 /* Distribution */,
			);
			defaultConfigurationIsVisible = 0;
			defaultConfigurationName = Release;
		};
/* End XCConfigurationList section */
	};
	rootObject = 25F6439B166832D600A05C0E /* Project object */;
}
